// !$*UTF8*$!
{
	archiveVersion = 1;
	classes = {
	};
	objectVersion = 56;
	objects = {

/* Begin PBXBuildFile section */
		5B1508832B5BB30E00EC0893 /* libz.tbd in Frameworks */ = {isa = PBXBuildFile; fileRef = 5BA393BE2B5B436C004214F9 /* libz.tbd */; };
		5B1508842B5CFE9500EC0893 /* QtPrintSupport.framework in Frameworks */ = {isa = PBXBuildFile; fileRef = 5BA393C02B5B43C0004214F9 /* QtPrintSupport.framework */; };
		5B1508852B5CFE9500EC0893 /* QtPrintSupport.framework in Embed Frameworks */ = {isa = PBXBuildFile; fileRef = 5BA393C02B5B43C0004214F9 /* QtPrintSupport.framework */; settings = {ATTRIBUTES = (CodeSignOnCopy, RemoveHeadersOnCopy, ); }; };
		5B1509222B5FD3B400EC0893 /* LICENSE in Resources */ = {isa = PBXBuildFile; fileRef = 5B1509082B5FD3B400EC0893 /* LICENSE */; };
		5B1509232B5FD3B400EC0893 /* DocumentManager.cpp in Sources */ = {isa = PBXBuildFile; fileRef = 5B1509092B5FD3B400EC0893 /* DocumentManager.cpp */; };
		5B1509242B5FD3B400EC0893 /* QIODeviceStreamAdapter.cpp in Sources */ = {isa = PBXBuildFile; fileRef = 5B15090B2B5FD3B400EC0893 /* QIODeviceStreamAdapter.cpp */; };
		5B1509252B5FD3B400EC0893 /* RecentFilesMenu.cpp in Sources */ = {isa = PBXBuildFile; fileRef = 5B15090C2B5FD3B400EC0893 /* RecentFilesMenu.cpp */; };
		5B1509262B5FD3B400EC0893 /* PathUtils.cpp in Sources */ = {isa = PBXBuildFile; fileRef = 5B15090E2B5FD3B400EC0893 /* PathUtils.cpp */; };
		5B1509272B5FD3B400EC0893 /* PageBufferStream.cpp in Sources */ = {isa = PBXBuildFile; fileRef = 5B15090F2B5FD3B400EC0893 /* PageBufferStream.cpp */; };
		5B1509282B5FD3B400EC0893 /* PageBuffer.cpp in Sources */ = {isa = PBXBuildFile; fileRef = 5B1509102B5FD3B400EC0893 /* PageBuffer.cpp */; };
		5B1509292B5FD3B400EC0893 /* PagePool.cpp in Sources */ = {isa = PBXBuildFile; fileRef = 5B1509112B5FD3B400EC0893 /* PagePool.cpp */; };
		5B15092A2B5FD3B400EC0893 /* PageStackAllocator.cpp in Sources */ = {isa = PBXBuildFile; fileRef = 5B1509122B5FD3B400EC0893 /* PageStackAllocator.cpp */; };
		5B15092B2B5FD3B400EC0893 /* Workbench.cpp in Sources */ = {isa = PBXBuildFile; fileRef = 5B1509132B5FD3B400EC0893 /* Workbench.cpp */; };
		5B15092C2B5FD3B400EC0893 /* UiUtils.cpp in Sources */ = {isa = PBXBuildFile; fileRef = 5B1509142B5FD3B400EC0893 /* UiUtils.cpp */; };
		5B15092D2B5FD3B400EC0893 /* README.md in Resources */ = {isa = PBXBuildFile; fileRef = 5B1509152B5FD3B400EC0893 /* README.md */; };
		5B15092E2B5FD3B400EC0893 /* WorkbenchWidget.cpp in Sources */ = {isa = PBXBuildFile; fileRef = 5B1509162B5FD3B400EC0893 /* WorkbenchWidget.cpp */; };
		5B15092F2B5FD3B400EC0893 /* Editor.cpp in Sources */ = {isa = PBXBuildFile; fileRef = 5B1509172B5FD3B400EC0893 /* Editor.cpp */; };
		5B1509302B5FD3B400EC0893 /* StandardActions.cpp in Sources */ = {isa = PBXBuildFile; fileRef = 5B1509192B5FD3B400EC0893 /* StandardActions.cpp */; };
		5B1509312B5FD3B400EC0893 /* ActionManager.cpp in Sources */ = {isa = PBXBuildFile; fileRef = 5B15091A2B5FD3B400EC0893 /* ActionManager.cpp */; };
		5B1509322B5FD3B400EC0893 /* CmdOperations.cpp in Sources */ = {isa = PBXBuildFile; fileRef = 5B15091C2B5FD3B400EC0893 /* CmdOperations.cpp */; };
		5B1509332B5FD3B400EC0893 /* CommandHistory.cpp in Sources */ = {isa = PBXBuildFile; fileRef = 5B15091D2B5FD3B400EC0893 /* CommandHistory.cpp */; };
		5B1509342B5FD3B400EC0893 /* Operations.cpp in Sources */ = {isa = PBXBuildFile; fileRef = 5B15091E2B5FD3B400EC0893 /* Operations.cpp */; };
		5B1509352B5FD3B400EC0893 /* Document.cpp in Sources */ = {isa = PBXBuildFile; fileRef = 5B15091F2B5FD3B400EC0893 /* Document.cpp */; };
		5B1509362B5FD3B400EC0893 /* ColorWidget.cpp in Sources */ = {isa = PBXBuildFile; fileRef = 5B1509212B5FD3B400EC0893 /* ColorWidget.cpp */; };
		5B1509BC2B5FD3D700EC0893 /* GraphModelSubGraphView.cpp in Sources */ = {isa = PBXBuildFile; fileRef = 5B15093A2B5FD3D700EC0893 /* GraphModelSubGraphView.cpp */; };
		5B1509BD2B5FD3D700EC0893 /* JsonGraphData.cpp in Sources */ = {isa = PBXBuildFile; fileRef = 5B15093C2B5FD3D700EC0893 /* JsonGraphData.cpp */; };
		5B1509BE2B5FD3D700EC0893 /* GraphModelGraphView.cpp in Sources */ = {isa = PBXBuildFile; fileRef = 5B15093D2B5FD3D700EC0893 /* GraphModelGraphView.cpp */; };
		5B1509BF2B5FD3D700EC0893 /* GraphData.cpp in Sources */ = {isa = PBXBuildFile; fileRef = 5B1509422B5FD3D700EC0893 /* GraphData.cpp */; };
		5B1509C02B5FD3D700EC0893 /* BinaryGraphData.cpp in Sources */ = {isa = PBXBuildFile; fileRef = 5B1509452B5FD3D700EC0893 /* BinaryGraphData.cpp */; };
		5B1509C12B5FD3D700EC0893 /* GraphModelGraphBuilder.cpp in Sources */ = {isa = PBXBuildFile; fileRef = 5B1509472B5FD3D700EC0893 /* GraphModelGraphBuilder.cpp */; };
		5B1509C22B5FD3D700EC0893 /* CategoryView.cpp in Sources */ = {isa = PBXBuildFile; fileRef = 5B15094B2B5FD3D700EC0893 /* CategoryView.cpp */; };
		5B1509C32B5FD3D700EC0893 /* InputEventProcessor.cpp in Sources */ = {isa = PBXBuildFile; fileRef = 5B15094D2B5FD3D700EC0893 /* InputEventProcessor.cpp */; };
		5B1509C42B5FD3D700EC0893 /* CategoryDialog.cpp in Sources */ = {isa = PBXBuildFile; fileRef = 5B15094E2B5FD3D700EC0893 /* CategoryDialog.cpp */; };
		5B1509C52B5FD3D700EC0893 /* ImageFx.cpp in Sources */ = {isa = PBXBuildFile; fileRef = 5B15094F2B5FD3D700EC0893 /* ImageFx.cpp */; };
		5B1509C62B5FD3D700EC0893 /* MainWindow.cpp in Sources */ = {isa = PBXBuildFile; fileRef = 5B1509502B5FD3D700EC0893 /* MainWindow.cpp */; };
		5B1509C72B5FD3D700EC0893 /* GraphWidget.cpp in Sources */ = {isa = PBXBuildFile; fileRef = 5B1509542B5FD3D700EC0893 /* GraphWidget.cpp */; };
		5B1509C82B5FD3D700EC0893 /* NodeGraphLayer.cpp in Sources */ = {isa = PBXBuildFile; fileRef = 5B1509552B5FD3D700EC0893 /* NodeGraphLayer.cpp */; };
		5B1509C92B5FD3D700EC0893 /* EdgeGraphLayer.cpp in Sources */ = {isa = PBXBuildFile; fileRef = 5B1509592B5FD3D700EC0893 /* EdgeGraphLayer.cpp */; };
		5B1509CA2B5FD3D700EC0893 /* ImageGraphLayer.cpp in Sources */ = {isa = PBXBuildFile; fileRef = 5B15095A2B5FD3D700EC0893 /* ImageGraphLayer.cpp */; };
		5B1509CB2B5FD3D700EC0893 /* jass.cpp in Sources */ = {isa = PBXBuildFile; fileRef = 5B1509602B5FD3D700EC0893 /* jass.cpp */; };
		5B1509CC2B5FD3D700EC0893 /* GraphModel.cpp in Sources */ = {isa = PBXBuildFile; fileRef = 5B1509612B5FD3D700EC0893 /* GraphModel.cpp */; };
		5B1509CD2B5FD3D700EC0893 /* Analyses.cpp in Sources */ = {isa = PBXBuildFile; fileRef = 5B1509642B5FD3D700EC0893 /* Analyses.cpp */; };
		5B1509CE2B5FD3D700EC0893 /* JassEditor.cpp in Sources */ = {isa = PBXBuildFile; fileRef = 5B1509652B5FD3D700EC0893 /* JassEditor.cpp */; };
		5B1509CF2B5FD3D700EC0893 /* NodeTool.cpp in Sources */ = {isa = PBXBuildFile; fileRef = 5B15096A2B5FD3D700EC0893 /* NodeTool.cpp */; };
		5B1509D02B5FD3D700EC0893 /* EdgeTool.cpp in Sources */ = {isa = PBXBuildFile; fileRef = 5B15096C2B5FD3D700EC0893 /* EdgeTool.cpp */; };
		5B1509D12B5FD3D700EC0893 /* SelectionTool.cpp in Sources */ = {isa = PBXBuildFile; fileRef = 5B15096D2B5FD3D700EC0893 /* SelectionTool.cpp */; };
		5B1509D22B5FD3D700EC0893 /* AnalysisWorker.cpp in Sources */ = {isa = PBXBuildFile; fileRef = 5B15096F2B5FD3D700EC0893 /* AnalysisWorker.cpp */; };
		5B1509D32B5FD3D700EC0893 /* GraphClipboardData.cpp in Sources */ = {isa = PBXBuildFile; fileRef = 5B1509712B5FD3D700EC0893 /* GraphClipboardData.cpp */; };
		5B1509D42B5FD3D700EC0893 /* IntegrationAnalysis.cpp in Sources */ = {isa = PBXBuildFile; fileRef = 5B1509742B5FD3D700EC0893 /* IntegrationAnalysis.cpp */; };
		5B1509D52B5FD3D700EC0893 /* GraphTool.cpp in Sources */ = {isa = PBXBuildFile; fileRef = 5B1509782B5FD3D700EC0893 /* GraphTool.cpp */; };
		5B1509D62B5FD3D700EC0893 /* CategorySet.cpp in Sources */ = {isa = PBXBuildFile; fileRef = 5B1509792B5FD3D700EC0893 /* CategorySet.cpp */; };
		5B1509D72B5FD3D700EC0893 /* LegacyJassFileFormat.cpp in Sources */ = {isa = PBXBuildFile; fileRef = 5B15097B2B5FD3D700EC0893 /* LegacyJassFileFormat.cpp */; };
		5B1509D82B5FD3D700EC0893 /* Integration.cpp in Sources */ = {isa = PBXBuildFile; fileRef = 5B15097F2B5FD3D700EC0893 /* Integration.cpp */; };
		5B1509D92B5FD3D700EC0893 /* JassFileFormat.cpp in Sources */ = {isa = PBXBuildFile; fileRef = 5B1509852B5FD3D700EC0893 /* JassFileFormat.cpp */; };
		5B1509DA2B5FD3D700EC0893 /* JassSvgExport.cpp in Sources */ = {isa = PBXBuildFile; fileRef = 5B1509862B5FD3D700EC0893 /* JassSvgExport.cpp */; };
		5B1509DB2B5FD3D700EC0893 /* JassProject.cpp in Sources */ = {isa = PBXBuildFile; fileRef = 5B1509882B5FD3D700EC0893 /* JassProject.cpp */; };
		5B1509DC2B5FD3D700EC0893 /* JavaObjectSerializationStream.cpp in Sources */ = {isa = PBXBuildFile; fileRef = 5B15098B2B5FD3D700EC0893 /* JavaObjectSerializationStream.cpp */; };
		5B1509DD2B5FD3D700EC0893 /* bitvec.cpp in Sources */ = {isa = PBXBuildFile; fileRef = 5B15098F2B5FD3D700EC0893 /* bitvec.cpp */; };
		5B1509DE2B5FD3D700EC0893 /* Gaussian.cpp in Sources */ = {isa = PBXBuildFile; fileRef = 5B1509932B5FD3D700EC0893 /* Gaussian.cpp */; };
		5B1509DF2B5FD3D700EC0893 /* jass.rc in Resources */ = {isa = PBXBuildFile; fileRef = 5B1509972B5FD3D700EC0893 /* jass.rc */; };
		5B1509E02B5FD3D700EC0893 /* main_osx.cpp in Sources */ = {isa = PBXBuildFile; fileRef = 5B1509982B5FD3D700EC0893 /* main_osx.cpp */; };
		5B1509E12B5FD3D700EC0893 /* Shape.cpp in Sources */ = {isa = PBXBuildFile; fileRef = 5B15099A2B5FD3D700EC0893 /* Shape.cpp */; };
		5B1509E22B5FD3D700EC0893 /* Debug.cpp in Sources */ = {isa = PBXBuildFile; fileRef = 5B15099B2B5FD3D700EC0893 /* Debug.cpp */; };
		5B1509E32B5FD3D700EC0893 /* CmdAddGraphElements.cpp in Sources */ = {isa = PBXBuildFile; fileRef = 5B15099E2B5FD3D700EC0893 /* CmdAddGraphElements.cpp */; };
		5B1509E42B5FD3D700EC0893 /* CmdMoveNodes.cpp in Sources */ = {isa = PBXBuildFile; fileRef = 5B15099F2B5FD3D700EC0893 /* CmdMoveNodes.cpp */; };
		5B1509E52B5FD3D700EC0893 /* CmdDuplicate.cpp in Sources */ = {isa = PBXBuildFile; fileRef = 5B1509A02B5FD3D700EC0893 /* CmdDuplicate.cpp */; };
		5B1509E62B5FD3D700EC0893 /* CmdDeleteCategories.cpp in Sources */ = {isa = PBXBuildFile; fileRef = 5B1509A12B5FD3D700EC0893 /* CmdDeleteCategories.cpp */; };
		5B1509E72B5FD3D700EC0893 /* CmdAddCategory.cpp in Sources */ = {isa = PBXBuildFile; fileRef = 5B1509A22B5FD3D700EC0893 /* CmdAddCategory.cpp */; };
		5B1509E82B5FD3D700EC0893 /* CmdCreateEdge.cpp in Sources */ = {isa = PBXBuildFile; fileRef = 5B1509A52B5FD3D700EC0893 /* CmdCreateEdge.cpp */; };
		5B1509E92B5FD3D700EC0893 /* GraphOperations.cpp in Sources */ = {isa = PBXBuildFile; fileRef = 5B1509A82B5FD3D700EC0893 /* GraphOperations.cpp */; };
		5B1509EA2B5FD3D700EC0893 /* CmdFilpNodes.cpp in Sources */ = {isa = PBXBuildFile; fileRef = 5B1509AA2B5FD3D700EC0893 /* CmdFilpNodes.cpp */; };
		5B1509EB2B5FD3D700EC0893 /* CmdDeleteGraphElements.cpp in Sources */ = {isa = PBXBuildFile; fileRef = 5B1509AF2B5FD3D700EC0893 /* CmdDeleteGraphElements.cpp */; };
		5B1509EC2B5FD3D700EC0893 /* CmdSetNodeCategory.cpp in Sources */ = {isa = PBXBuildFile; fileRef = 5B1509B12B5FD3D700EC0893 /* CmdSetNodeCategory.cpp */; };
		5B1509ED2B5FD3D700EC0893 /* CmdCreateNode.cpp in Sources */ = {isa = PBXBuildFile; fileRef = 5B1509B42B5FD3D700EC0893 /* CmdCreateNode.cpp */; };
		5B1509EE2B5FD3D700EC0893 /* CmdSetBackgroundImage.cpp in Sources */ = {isa = PBXBuildFile; fileRef = 5B1509B52B5FD3D700EC0893 /* CmdSetBackgroundImage.cpp */; };
		5B1509EF2B5FD3D700EC0893 /* CmdModifyCategory.cpp in Sources */ = {isa = PBXBuildFile; fileRef = 5B1509B62B5FD3D700EC0893 /* CmdModifyCategory.cpp */; };
		5B1509F02B5FD3D700EC0893 /* JassDocument.cpp in Sources */ = {isa = PBXBuildFile; fileRef = 5B1509B72B5FD3D700EC0893 /* JassDocument.cpp */; };
		5B1509F12B5FD3D700EC0893 /* main.cpp in Sources */ = {isa = PBXBuildFile; fileRef = 5B1509BA2B5FD3D700EC0893 /* main.cpp */; };
		5BA393B12B5B430C004214F9 /* Assets.xcassets in Resources */ = {isa = PBXBuildFile; fileRef = 5BA393B02B5B430C004214F9 /* Assets.xcassets */; };
		5BA393C42B5B43C0004214F9 /* QtGui.framework in Frameworks */ = {isa = PBXBuildFile; fileRef = 5BA393BF2B5B43C0004214F9 /* QtGui.framework */; };
		5BA393C52B5B43C0004214F9 /* QtGui.framework in Embed Frameworks */ = {isa = PBXBuildFile; fileRef = 5BA393BF2B5B43C0004214F9 /* QtGui.framework */; settings = {ATTRIBUTES = (CodeSignOnCopy, RemoveHeadersOnCopy, ); }; };
		5BA393C82B5B43C0004214F9 /* QtDBus.framework in Frameworks */ = {isa = PBXBuildFile; fileRef = 5BA393C12B5B43C0004214F9 /* QtDBus.framework */; };
		5BA393C92B5B43C0004214F9 /* QtDBus.framework in Embed Frameworks */ = {isa = PBXBuildFile; fileRef = 5BA393C12B5B43C0004214F9 /* QtDBus.framework */; settings = {ATTRIBUTES = (CodeSignOnCopy, RemoveHeadersOnCopy, ); }; };
		5BA393CA2B5B43C0004214F9 /* QtWidgets.framework in Frameworks */ = {isa = PBXBuildFile; fileRef = 5BA393C22B5B43C0004214F9 /* QtWidgets.framework */; };
		5BA393CB2B5B43C0004214F9 /* QtWidgets.framework in Embed Frameworks */ = {isa = PBXBuildFile; fileRef = 5BA393C22B5B43C0004214F9 /* QtWidgets.framework */; settings = {ATTRIBUTES = (CodeSignOnCopy, RemoveHeadersOnCopy, ); }; };
		5BA393CC2B5B43C0004214F9 /* QtCore.framework in Frameworks */ = {isa = PBXBuildFile; fileRef = 5BA393C32B5B43C0004214F9 /* QtCore.framework */; };
		5BA393CD2B5B43C0004214F9 /* QtCore.framework in Embed Frameworks */ = {isa = PBXBuildFile; fileRef = 5BA393C32B5B43C0004214F9 /* QtCore.framework */; settings = {ATTRIBUTES = (CodeSignOnCopy, RemoveHeadersOnCopy, ); }; };
		5BA393D12B5B447B004214F9 /* libqcocoa.dylib in CopyFiles */ = {isa = PBXBuildFile; fileRef = 5BA393D02B5B447B004214F9 /* libqcocoa.dylib */; settings = {ATTRIBUTES = (CodeSignOnCopy, ); }; };
		5BA393D82B5B44AC004214F9 /* libqjpeg.dylib in CopyFiles */ = {isa = PBXBuildFile; fileRef = 5BA393D52B5B44AC004214F9 /* libqjpeg.dylib */; settings = {ATTRIBUTES = (CodeSignOnCopy, ); }; };
		5BA3957E2B5B476A004214F9 /* deflate_state.cpp in Sources */ = {isa = PBXBuildFile; fileRef = 5BA395752B5B476A004214F9 /* deflate_state.cpp */; };
		5BA3957F2B5B476A004214F9 /* zip_writer.cpp in Sources */ = {isa = PBXBuildFile; fileRef = 5BA395772B5B476A004214F9 /* zip_writer.cpp */; };
		5BA395802B5B476A004214F9 /* zipx_test.cpp in Sources */ = {isa = PBXBuildFile; fileRef = 5BA395782B5B476A004214F9 /* zipx_test.cpp */; };
		5BA395812B5B476A004214F9 /* zip_reader.cpp in Sources */ = {isa = PBXBuildFile; fileRef = 5BA395792B5B476A004214F9 /* zip_reader.cpp */; };
		5BA395822B5B476A004214F9 /* deflate_stream.cpp in Sources */ = {isa = PBXBuildFile; fileRef = 5BA3957A2B5B476A004214F9 /* deflate_stream.cpp */; };
		5BA395832B5B476A004214F9 /* inflate_state.cpp in Sources */ = {isa = PBXBuildFile; fileRef = 5BA3957B2B5B476A004214F9 /* inflate_state.cpp */; };
		5BA395842B5B476A004214F9 /* inflate_stream.cpp in Sources */ = {isa = PBXBuildFile; fileRef = 5BA3957C2B5B476A004214F9 /* inflate_stream.cpp */; };
		5BA395852B5B476A004214F9 /* zip_index.cpp in Sources */ = {isa = PBXBuildFile; fileRef = 5BA3957D2B5B476A004214F9 /* zip_index.cpp */; };
		5BA395872B5B497F004214F9 /* libqmacstyle.dylib in CopyFiles */ = {isa = PBXBuildFile; fileRef = 5BA395862B5B497F004214F9 /* libqmacstyle.dylib */; settings = {ATTRIBUTES = (CodeSignOnCopy, ); }; };
/* End PBXBuildFile section */

/* Begin PBXCopyFilesBuildPhase section */
		5BA393CE2B5B43C0004214F9 /* Embed Frameworks */ = {
			isa = PBXCopyFilesBuildPhase;
			buildActionMask = 2147483647;
			dstPath = "";
			dstSubfolderSpec = 10;
			files = (
				5BA393CD2B5B43C0004214F9 /* QtCore.framework in Embed Frameworks */,
				5BA393C52B5B43C0004214F9 /* QtGui.framework in Embed Frameworks */,
				5BA393C92B5B43C0004214F9 /* QtDBus.framework in Embed Frameworks */,
				5B1508852B5CFE9500EC0893 /* QtPrintSupport.framework in Embed Frameworks */,
				5BA393CB2B5B43C0004214F9 /* QtWidgets.framework in Embed Frameworks */,
			);
			name = "Embed Frameworks";
			runOnlyForDeploymentPostprocessing = 0;
		};
		5BA393CF2B5B4435004214F9 /* CopyFiles */ = {
			isa = PBXCopyFilesBuildPhase;
			buildActionMask = 2147483647;
			dstPath = platforms;
			dstSubfolderSpec = 13;
			files = (
				5BA393D12B5B447B004214F9 /* libqcocoa.dylib in CopyFiles */,
			);
			runOnlyForDeploymentPostprocessing = 0;
		};
		5BA393D22B5B4482004214F9 /* CopyFiles */ = {
			isa = PBXCopyFilesBuildPhase;
			buildActionMask = 2147483647;
			dstPath = imageformats;
			dstSubfolderSpec = 13;
			files = (
				5BA393D82B5B44AC004214F9 /* libqjpeg.dylib in CopyFiles */,
			);
			runOnlyForDeploymentPostprocessing = 0;
		};
		5BA393D92B5B44B4004214F9 /* CopyFiles */ = {
			isa = PBXCopyFilesBuildPhase;
			buildActionMask = 2147483647;
			dstPath = styles;
			dstSubfolderSpec = 13;
			files = (
				5BA395872B5B497F004214F9 /* libqmacstyle.dylib in CopyFiles */,
			);
			runOnlyForDeploymentPostprocessing = 0;
		};
/* End PBXCopyFilesBuildPhase section */

/* Begin PBXFileReference section */
		5B1509082B5FD3B400EC0893 /* LICENSE */ = {isa = PBXFileReference; fileEncoding = 4; lastKnownFileType = text; path = LICENSE; sourceTree = "<group>"; };
		5B1509092B5FD3B400EC0893 /* DocumentManager.cpp */ = {isa = PBXFileReference; fileEncoding = 4; lastKnownFileType = sourcecode.cpp.cpp; path = DocumentManager.cpp; sourceTree = "<group>"; };
		5B15090B2B5FD3B400EC0893 /* QIODeviceStreamAdapter.cpp */ = {isa = PBXFileReference; fileEncoding = 4; lastKnownFileType = sourcecode.cpp.cpp; path = QIODeviceStreamAdapter.cpp; sourceTree = "<group>"; };
		5B15090C2B5FD3B400EC0893 /* RecentFilesMenu.cpp */ = {isa = PBXFileReference; fileEncoding = 4; lastKnownFileType = sourcecode.cpp.cpp; path = RecentFilesMenu.cpp; sourceTree = "<group>"; };
		5B15090E2B5FD3B400EC0893 /* PathUtils.cpp */ = {isa = PBXFileReference; fileEncoding = 4; lastKnownFileType = sourcecode.cpp.cpp; path = PathUtils.cpp; sourceTree = "<group>"; };
		5B15090F2B5FD3B400EC0893 /* PageBufferStream.cpp */ = {isa = PBXFileReference; fileEncoding = 4; lastKnownFileType = sourcecode.cpp.cpp; path = PageBufferStream.cpp; sourceTree = "<group>"; };
		5B1509102B5FD3B400EC0893 /* PageBuffer.cpp */ = {isa = PBXFileReference; fileEncoding = 4; lastKnownFileType = sourcecode.cpp.cpp; path = PageBuffer.cpp; sourceTree = "<group>"; };
		5B1509112B5FD3B400EC0893 /* PagePool.cpp */ = {isa = PBXFileReference; fileEncoding = 4; lastKnownFileType = sourcecode.cpp.cpp; path = PagePool.cpp; sourceTree = "<group>"; };
		5B1509122B5FD3B400EC0893 /* PageStackAllocator.cpp */ = {isa = PBXFileReference; fileEncoding = 4; lastKnownFileType = sourcecode.cpp.cpp; path = PageStackAllocator.cpp; sourceTree = "<group>"; };
		5B1509132B5FD3B400EC0893 /* Workbench.cpp */ = {isa = PBXFileReference; fileEncoding = 4; lastKnownFileType = sourcecode.cpp.cpp; path = Workbench.cpp; sourceTree = "<group>"; };
		5B1509142B5FD3B400EC0893 /* UiUtils.cpp */ = {isa = PBXFileReference; fileEncoding = 4; lastKnownFileType = sourcecode.cpp.cpp; path = UiUtils.cpp; sourceTree = "<group>"; };
		5B1509152B5FD3B400EC0893 /* README.md */ = {isa = PBXFileReference; fileEncoding = 4; lastKnownFileType = net.daringfireball.markdown; path = README.md; sourceTree = "<group>"; };
		5B1509162B5FD3B400EC0893 /* WorkbenchWidget.cpp */ = {isa = PBXFileReference; fileEncoding = 4; lastKnownFileType = sourcecode.cpp.cpp; path = WorkbenchWidget.cpp; sourceTree = "<group>"; };
		5B1509172B5FD3B400EC0893 /* Editor.cpp */ = {isa = PBXFileReference; fileEncoding = 4; lastKnownFileType = sourcecode.cpp.cpp; path = Editor.cpp; sourceTree = "<group>"; };
		5B1509192B5FD3B400EC0893 /* StandardActions.cpp */ = {isa = PBXFileReference; fileEncoding = 4; lastKnownFileType = sourcecode.cpp.cpp; path = StandardActions.cpp; sourceTree = "<group>"; };
		5B15091A2B5FD3B400EC0893 /* ActionManager.cpp */ = {isa = PBXFileReference; fileEncoding = 4; lastKnownFileType = sourcecode.cpp.cpp; path = ActionManager.cpp; sourceTree = "<group>"; };
		5B15091C2B5FD3B400EC0893 /* CmdOperations.cpp */ = {isa = PBXFileReference; fileEncoding = 4; lastKnownFileType = sourcecode.cpp.cpp; path = CmdOperations.cpp; sourceTree = "<group>"; };
		5B15091D2B5FD3B400EC0893 /* CommandHistory.cpp */ = {isa = PBXFileReference; fileEncoding = 4; lastKnownFileType = sourcecode.cpp.cpp; path = CommandHistory.cpp; sourceTree = "<group>"; };
		5B15091E2B5FD3B400EC0893 /* Operations.cpp */ = {isa = PBXFileReference; fileEncoding = 4; lastKnownFileType = sourcecode.cpp.cpp; path = Operations.cpp; sourceTree = "<group>"; };
		5B15091F2B5FD3B400EC0893 /* Document.cpp */ = {isa = PBXFileReference; fileEncoding = 4; lastKnownFileType = sourcecode.cpp.cpp; path = Document.cpp; sourceTree = "<group>"; };
		5B1509212B5FD3B400EC0893 /* ColorWidget.cpp */ = {isa = PBXFileReference; fileEncoding = 4; lastKnownFileType = sourcecode.cpp.cpp; path = ColorWidget.cpp; sourceTree = "<group>"; };
		5B15093A2B5FD3D700EC0893 /* GraphModelSubGraphView.cpp */ = {isa = PBXFileReference; fileEncoding = 4; lastKnownFileType = sourcecode.cpp.cpp; path = GraphModelSubGraphView.cpp; sourceTree = "<group>"; };
		5B15093B2B5FD3D700EC0893 /* GraphBuilder.h */ = {isa = PBXFileReference; fileEncoding = 4; lastKnownFileType = sourcecode.c.h; path = GraphBuilder.h; sourceTree = "<group>"; };
		5B15093C2B5FD3D700EC0893 /* JsonGraphData.cpp */ = {isa = PBXFileReference; fileEncoding = 4; lastKnownFileType = sourcecode.cpp.cpp; path = JsonGraphData.cpp; sourceTree = "<group>"; };
		5B15093D2B5FD3D700EC0893 /* GraphModelGraphView.cpp */ = {isa = PBXFileReference; fileEncoding = 4; lastKnownFileType = sourcecode.cpp.cpp; path = GraphModelGraphView.cpp; sourceTree = "<group>"; };
		5B15093E2B5FD3D700EC0893 /* GraphModelSubGraphView.h */ = {isa = PBXFileReference; fileEncoding = 4; lastKnownFileType = sourcecode.c.h; path = GraphModelSubGraphView.h; sourceTree = "<group>"; };
		5B15093F2B5FD3D700EC0893 /* GraphModelGraphBuilder.h */ = {isa = PBXFileReference; fileEncoding = 4; lastKnownFileType = sourcecode.c.h; path = GraphModelGraphBuilder.h; sourceTree = "<group>"; };
		5B1509402B5FD3D700EC0893 /* JsonGraphData.h */ = {isa = PBXFileReference; fileEncoding = 4; lastKnownFileType = sourcecode.c.h; path = JsonGraphData.h; sourceTree = "<group>"; };
		5B1509412B5FD3D700EC0893 /* GraphModelGraphView.h */ = {isa = PBXFileReference; fileEncoding = 4; lastKnownFileType = sourcecode.c.h; path = GraphModelGraphView.h; sourceTree = "<group>"; };
		5B1509422B5FD3D700EC0893 /* GraphData.cpp */ = {isa = PBXFileReference; fileEncoding = 4; lastKnownFileType = sourcecode.cpp.cpp; path = GraphData.cpp; sourceTree = "<group>"; };
		5B1509432B5FD3D700EC0893 /* GraphModelImmutableDirectedGraphAdapter.h */ = {isa = PBXFileReference; fileEncoding = 4; lastKnownFileType = sourcecode.c.h; path = GraphModelImmutableDirectedGraphAdapter.h; sourceTree = "<group>"; };
		5B1509442B5FD3D700EC0893 /* GraphView.h */ = {isa = PBXFileReference; fileEncoding = 4; lastKnownFileType = sourcecode.c.h; path = GraphView.h; sourceTree = "<group>"; };
		5B1509452B5FD3D700EC0893 /* BinaryGraphData.cpp */ = {isa = PBXFileReference; fileEncoding = 4; lastKnownFileType = sourcecode.cpp.cpp; path = BinaryGraphData.cpp; sourceTree = "<group>"; };
		5B1509462B5FD3D700EC0893 /* GraphData.h */ = {isa = PBXFileReference; fileEncoding = 4; lastKnownFileType = sourcecode.c.h; path = GraphData.h; sourceTree = "<group>"; };
		5B1509472B5FD3D700EC0893 /* GraphModelGraphBuilder.cpp */ = {isa = PBXFileReference; fileEncoding = 4; lastKnownFileType = sourcecode.cpp.cpp; path = GraphModelGraphBuilder.cpp; sourceTree = "<group>"; };
		5B1509482B5FD3D700EC0893 /* BinaryGraphData.h */ = {isa = PBXFileReference; fileEncoding = 4; lastKnownFileType = sourcecode.c.h; path = BinaryGraphData.h; sourceTree = "<group>"; };
		5B1509492B5FD3D700EC0893 /* GraphDataCommon.h */ = {isa = PBXFileReference; fileEncoding = 4; lastKnownFileType = sourcecode.c.h; path = GraphDataCommon.h; sourceTree = "<group>"; };
		5B15094B2B5FD3D700EC0893 /* CategoryView.cpp */ = {isa = PBXFileReference; fileEncoding = 4; lastKnownFileType = sourcecode.cpp.cpp; path = CategoryView.cpp; sourceTree = "<group>"; };
		5B15094C2B5FD3D700EC0893 /* MainWindow.hpp */ = {isa = PBXFileReference; fileEncoding = 4; lastKnownFileType = sourcecode.cpp.h; path = MainWindow.hpp; sourceTree = "<group>"; };
		5B15094D2B5FD3D700EC0893 /* InputEventProcessor.cpp */ = {isa = PBXFileReference; fileEncoding = 4; lastKnownFileType = sourcecode.cpp.cpp; path = InputEventProcessor.cpp; sourceTree = "<group>"; };
		5B15094E2B5FD3D700EC0893 /* CategoryDialog.cpp */ = {isa = PBXFileReference; fileEncoding = 4; lastKnownFileType = sourcecode.cpp.cpp; path = CategoryDialog.cpp; sourceTree = "<group>"; };
		5B15094F2B5FD3D700EC0893 /* ImageFx.cpp */ = {isa = PBXFileReference; fileEncoding = 4; lastKnownFileType = sourcecode.cpp.cpp; path = ImageFx.cpp; sourceTree = "<group>"; };
		5B1509502B5FD3D700EC0893 /* MainWindow.cpp */ = {isa = PBXFileReference; fileEncoding = 4; lastKnownFileType = sourcecode.cpp.cpp; path = MainWindow.cpp; sourceTree = "<group>"; };
		5B1509512B5FD3D700EC0893 /* CategoryDialog.hpp */ = {isa = PBXFileReference; fileEncoding = 4; lastKnownFileType = sourcecode.cpp.h; path = CategoryDialog.hpp; sourceTree = "<group>"; };
		5B1509522B5FD3D700EC0893 /* ImageFx.h */ = {isa = PBXFileReference; fileEncoding = 4; lastKnownFileType = sourcecode.c.h; path = ImageFx.h; sourceTree = "<group>"; };
		5B1509542B5FD3D700EC0893 /* GraphWidget.cpp */ = {isa = PBXFileReference; fileEncoding = 4; lastKnownFileType = sourcecode.cpp.cpp; path = GraphWidget.cpp; sourceTree = "<group>"; };
		5B1509552B5FD3D700EC0893 /* NodeGraphLayer.cpp */ = {isa = PBXFileReference; fileEncoding = 4; lastKnownFileType = sourcecode.cpp.cpp; path = NodeGraphLayer.cpp; sourceTree = "<group>"; };
		5B1509562B5FD3D700EC0893 /* EdgeGraphLayer.hpp */ = {isa = PBXFileReference; fileEncoding = 4; lastKnownFileType = sourcecode.cpp.h; path = EdgeGraphLayer.hpp; sourceTree = "<group>"; };
		5B1509572B5FD3D700EC0893 /* ImageGraphLayer.hpp */ = {isa = PBXFileReference; fileEncoding = 4; lastKnownFileType = sourcecode.cpp.h; path = ImageGraphLayer.hpp; sourceTree = "<group>"; };
		5B1509582B5FD3D700EC0893 /* NodeGraphLayer.hpp */ = {isa = PBXFileReference; fileEncoding = 4; lastKnownFileType = sourcecode.cpp.h; path = NodeGraphLayer.hpp; sourceTree = "<group>"; };
		5B1509592B5FD3D700EC0893 /* EdgeGraphLayer.cpp */ = {isa = PBXFileReference; fileEncoding = 4; lastKnownFileType = sourcecode.cpp.cpp; path = EdgeGraphLayer.cpp; sourceTree = "<group>"; };
		5B15095A2B5FD3D700EC0893 /* ImageGraphLayer.cpp */ = {isa = PBXFileReference; fileEncoding = 4; lastKnownFileType = sourcecode.cpp.cpp; path = ImageGraphLayer.cpp; sourceTree = "<group>"; };
		5B15095B2B5FD3D700EC0893 /* GraphWidget.hpp */ = {isa = PBXFileReference; fileEncoding = 4; lastKnownFileType = sourcecode.cpp.h; path = GraphWidget.hpp; sourceTree = "<group>"; };
		5B15095C2B5FD3D700EC0893 /* CategoryView.hpp */ = {isa = PBXFileReference; fileEncoding = 4; lastKnownFileType = sourcecode.cpp.h; path = CategoryView.hpp; sourceTree = "<group>"; };
		5B15095D2B5FD3D700EC0893 /* InputEventProcessor.h */ = {isa = PBXFileReference; fileEncoding = 4; lastKnownFileType = sourcecode.c.h; path = InputEventProcessor.h; sourceTree = "<group>"; };
		5B15095E2B5FD3D700EC0893 /* JassDocument.hpp */ = {isa = PBXFileReference; fileEncoding = 4; lastKnownFileType = sourcecode.cpp.h; path = JassDocument.hpp; sourceTree = "<group>"; };
		5B15095F2B5FD3D700EC0893 /* JassFileFormat.h */ = {isa = PBXFileReference; fileEncoding = 4; lastKnownFileType = sourcecode.c.h; path = JassFileFormat.h; sourceTree = "<group>"; };
		5B1509602B5FD3D700EC0893 /* jass.cpp */ = {isa = PBXFileReference; fileEncoding = 4; lastKnownFileType = sourcecode.cpp.cpp; path = jass.cpp; sourceTree = "<group>"; };
		5B1509612B5FD3D700EC0893 /* GraphModel.cpp */ = {isa = PBXFileReference; fileEncoding = 4; lastKnownFileType = sourcecode.cpp.cpp; path = GraphModel.cpp; sourceTree = "<group>"; };
		5B1509622B5FD3D700EC0893 /* Debug.h */ = {isa = PBXFileReference; fileEncoding = 4; lastKnownFileType = sourcecode.c.h; path = Debug.h; sourceTree = "<group>"; };
		5B1509642B5FD3D700EC0893 /* Analyses.cpp */ = {isa = PBXFileReference; fileEncoding = 4; lastKnownFileType = sourcecode.cpp.cpp; path = Analyses.cpp; sourceTree = "<group>"; };
		5B1509652B5FD3D700EC0893 /* JassEditor.cpp */ = {isa = PBXFileReference; fileEncoding = 4; lastKnownFileType = sourcecode.cpp.cpp; path = JassEditor.cpp; sourceTree = "<group>"; };
		5B1509662B5FD3D700EC0893 /* CategorySet.hpp */ = {isa = PBXFileReference; fileEncoding = 4; lastKnownFileType = sourcecode.cpp.h; path = CategorySet.hpp; sourceTree = "<group>"; };
		5B1509682B5FD3D700EC0893 /* SelectionTool.h */ = {isa = PBXFileReference; fileEncoding = 4; lastKnownFileType = sourcecode.c.h; path = SelectionTool.h; sourceTree = "<group>"; };
		5B1509692B5FD3D700EC0893 /* NodeTool.h */ = {isa = PBXFileReference; fileEncoding = 4; lastKnownFileType = sourcecode.c.h; path = NodeTool.h; sourceTree = "<group>"; };
		5B15096A2B5FD3D700EC0893 /* NodeTool.cpp */ = {isa = PBXFileReference; fileEncoding = 4; lastKnownFileType = sourcecode.cpp.cpp; path = NodeTool.cpp; sourceTree = "<group>"; };
		5B15096B2B5FD3D700EC0893 /* EdgeTool.h */ = {isa = PBXFileReference; fileEncoding = 4; lastKnownFileType = sourcecode.c.h; path = EdgeTool.h; sourceTree = "<group>"; };
		5B15096C2B5FD3D700EC0893 /* EdgeTool.cpp */ = {isa = PBXFileReference; fileEncoding = 4; lastKnownFileType = sourcecode.cpp.cpp; path = EdgeTool.cpp; sourceTree = "<group>"; };
		5B15096D2B5FD3D700EC0893 /* SelectionTool.cpp */ = {isa = PBXFileReference; fileEncoding = 4; lastKnownFileType = sourcecode.cpp.cpp; path = SelectionTool.cpp; sourceTree = "<group>"; };
		5B15096E2B5FD3D700EC0893 /* GraphTool.h */ = {isa = PBXFileReference; fileEncoding = 4; lastKnownFileType = sourcecode.c.h; path = GraphTool.h; sourceTree = "<group>"; };
		5B15096F2B5FD3D700EC0893 /* AnalysisWorker.cpp */ = {isa = PBXFileReference; fileEncoding = 4; lastKnownFileType = sourcecode.cpp.cpp; path = AnalysisWorker.cpp; sourceTree = "<group>"; };
		5B1509702B5FD3D700EC0893 /* AnalysisWorker.hpp */ = {isa = PBXFileReference; fileEncoding = 4; lastKnownFileType = sourcecode.cpp.h; path = AnalysisWorker.hpp; sourceTree = "<group>"; };
		5B1509712B5FD3D700EC0893 /* GraphClipboardData.cpp */ = {isa = PBXFileReference; fileEncoding = 4; lastKnownFileType = sourcecode.cpp.cpp; path = GraphClipboardData.cpp; sourceTree = "<group>"; };
		5B1509732B5FD3D700EC0893 /* IntegrationAnalysis.h */ = {isa = PBXFileReference; fileEncoding = 4; lastKnownFileType = sourcecode.c.h; path = IntegrationAnalysis.h; sourceTree = "<group>"; };
		5B1509742B5FD3D700EC0893 /* IntegrationAnalysis.cpp */ = {isa = PBXFileReference; fileEncoding = 4; lastKnownFileType = sourcecode.cpp.cpp; path = IntegrationAnalysis.cpp; sourceTree = "<group>"; };
		5B1509752B5FD3D700EC0893 /* GraphClipboardData.h */ = {isa = PBXFileReference; fileEncoding = 4; lastKnownFileType = sourcecode.c.h; path = GraphClipboardData.h; sourceTree = "<group>"; };
		5B1509762B5FD3D700EC0893 /* JassEditor.hpp */ = {isa = PBXFileReference; fileEncoding = 4; lastKnownFileType = sourcecode.cpp.h; path = JassEditor.hpp; sourceTree = "<group>"; };
		5B1509772B5FD3D700EC0893 /* Analyses.hpp */ = {isa = PBXFileReference; fileEncoding = 4; lastKnownFileType = sourcecode.cpp.h; path = Analyses.hpp; sourceTree = "<group>"; };
		5B1509782B5FD3D700EC0893 /* GraphTool.cpp */ = {isa = PBXFileReference; fileEncoding = 4; lastKnownFileType = sourcecode.cpp.cpp; path = GraphTool.cpp; sourceTree = "<group>"; };
		5B1509792B5FD3D700EC0893 /* CategorySet.cpp */ = {isa = PBXFileReference; fileEncoding = 4; lastKnownFileType = sourcecode.cpp.cpp; path = CategorySet.cpp; sourceTree = "<group>"; };
		5B15097A2B5FD3D700EC0893 /* Analysis.h */ = {isa = PBXFileReference; fileEncoding = 4; lastKnownFileType = sourcecode.c.h; path = Analysis.h; sourceTree = "<group>"; };
		5B15097B2B5FD3D700EC0893 /* LegacyJassFileFormat.cpp */ = {isa = PBXFileReference; fileEncoding = 4; lastKnownFileType = sourcecode.cpp.cpp; path = LegacyJassFileFormat.cpp; sourceTree = "<group>"; };
		5B15097D2B5FD3D700EC0893 /* BfsTraversal.h */ = {isa = PBXFileReference; fileEncoding = 4; lastKnownFileType = sourcecode.c.h; path = BfsTraversal.h; sourceTree = "<group>"; };
		5B15097E2B5FD3D700EC0893 /* ImmutableDirectedGraph.h */ = {isa = PBXFileReference; fileEncoding = 4; lastKnownFileType = sourcecode.c.h; path = ImmutableDirectedGraph.h; sourceTree = "<group>"; };
		5B15097F2B5FD3D700EC0893 /* Integration.cpp */ = {isa = PBXFileReference; fileEncoding = 4; lastKnownFileType = sourcecode.cpp.cpp; path = Integration.cpp; sourceTree = "<group>"; };
		5B1509802B5FD3D700EC0893 /* MinDistCalculator.h */ = {isa = PBXFileReference; fileEncoding = 4; lastKnownFileType = sourcecode.c.h; path = MinDistCalculator.h; sourceTree = "<group>"; };
		5B1509812B5FD3D700EC0893 /* Integration.h */ = {isa = PBXFileReference; fileEncoding = 4; lastKnownFileType = sourcecode.c.h; path = Integration.h; sourceTree = "<group>"; };
		5B1509822B5FD3D700EC0893 /* DepthCalculator.h */ = {isa = PBXFileReference; fileEncoding = 4; lastKnownFileType = sourcecode.c.h; path = DepthCalculator.h; sourceTree = "<group>"; };
		5B1509832B5FD3D700EC0893 /* endian.h */ = {isa = PBXFileReference; fileEncoding = 4; lastKnownFileType = sourcecode.c.h; path = endian.h; sourceTree = "<group>"; };
		5B1509842B5FD3D700EC0893 /* jass.h */ = {isa = PBXFileReference; fileEncoding = 4; lastKnownFileType = sourcecode.c.h; path = jass.h; sourceTree = "<group>"; };
		5B1509852B5FD3D700EC0893 /* JassFileFormat.cpp */ = {isa = PBXFileReference; fileEncoding = 4; lastKnownFileType = sourcecode.cpp.cpp; path = JassFileFormat.cpp; sourceTree = "<group>"; };
		5B1509862B5FD3D700EC0893 /* JassSvgExport.cpp */ = {isa = PBXFileReference; fileEncoding = 4; lastKnownFileType = sourcecode.cpp.cpp; path = JassSvgExport.cpp; sourceTree = "<group>"; };
		5B1509872B5FD3D700EC0893 /* LegacyJassFileFormat.h */ = {isa = PBXFileReference; fileEncoding = 4; lastKnownFileType = sourcecode.c.h; path = LegacyJassFileFormat.h; sourceTree = "<group>"; };
		5B1509882B5FD3D700EC0893 /* JassProject.cpp */ = {isa = PBXFileReference; fileEncoding = 4; lastKnownFileType = sourcecode.cpp.cpp; path = JassProject.cpp; sourceTree = "<group>"; };
		5B15098A2B5FD3D700EC0893 /* JavaObjectSerializationStream.h */ = {isa = PBXFileReference; fileEncoding = 4; lastKnownFileType = sourcecode.c.h; path = JavaObjectSerializationStream.h; sourceTree = "<group>"; };
		5B15098B2B5FD3D700EC0893 /* JavaObjectSerializationStream.cpp */ = {isa = PBXFileReference; fileEncoding = 4; lastKnownFileType = sourcecode.cpp.cpp; path = JavaObjectSerializationStream.cpp; sourceTree = "<group>"; };
		5B15098D2B5FD3D700EC0893 /* JsonUtils.h */ = {isa = PBXFileReference; fileEncoding = 4; lastKnownFileType = sourcecode.c.h; path = JsonUtils.h; sourceTree = "<group>"; };
		5B15098E2B5FD3D700EC0893 /* range_utils.h */ = {isa = PBXFileReference; fileEncoding = 4; lastKnownFileType = sourcecode.c.h; path = range_utils.h; sourceTree = "<group>"; };
		5B15098F2B5FD3D700EC0893 /* bitvec.cpp */ = {isa = PBXFileReference; fileEncoding = 4; lastKnownFileType = sourcecode.cpp.cpp; path = bitvec.cpp; sourceTree = "<group>"; };
		5B1509902B5FD3D700EC0893 /* bitvec.h */ = {isa = PBXFileReference; fileEncoding = 4; lastKnownFileType = sourcecode.c.h; path = bitvec.h; sourceTree = "<group>"; };
		5B1509912B5FD3D700EC0893 /* Shape.h */ = {isa = PBXFileReference; fileEncoding = 4; lastKnownFileType = sourcecode.c.h; path = Shape.h; sourceTree = "<group>"; };
		5B1509932B5FD3D700EC0893 /* Gaussian.cpp */ = {isa = PBXFileReference; fileEncoding = 4; lastKnownFileType = sourcecode.cpp.cpp; path = Gaussian.cpp; sourceTree = "<group>"; };
		5B1509942B5FD3D700EC0893 /* Gaussian.h */ = {isa = PBXFileReference; fileEncoding = 4; lastKnownFileType = sourcecode.c.h; path = Gaussian.h; sourceTree = "<group>"; };
		5B1509952B5FD3D700EC0893 /* Integral.h */ = {isa = PBXFileReference; fileEncoding = 4; lastKnownFileType = sourcecode.c.h; path = Integral.h; sourceTree = "<group>"; };
		5B1509962B5FD3D700EC0893 /* Geometry.h */ = {isa = PBXFileReference; fileEncoding = 4; lastKnownFileType = sourcecode.c.h; path = Geometry.h; sourceTree = "<group>"; };
		5B1509972B5FD3D700EC0893 /* jass.rc */ = {isa = PBXFileReference; fileEncoding = 4; lastKnownFileType = text; path = jass.rc; sourceTree = "<group>"; };
		5B1509982B5FD3D700EC0893 /* main_osx.cpp */ = {isa = PBXFileReference; fileEncoding = 4; lastKnownFileType = sourcecode.cpp.cpp; path = main_osx.cpp; sourceTree = "<group>"; };
		5B1509992B5FD3D700EC0893 /* JassProject.hpp */ = {isa = PBXFileReference; fileEncoding = 4; lastKnownFileType = sourcecode.cpp.h; path = JassProject.hpp; sourceTree = "<group>"; };
		5B15099A2B5FD3D700EC0893 /* Shape.cpp */ = {isa = PBXFileReference; fileEncoding = 4; lastKnownFileType = sourcecode.cpp.cpp; path = Shape.cpp; sourceTree = "<group>"; };
		5B15099B2B5FD3D700EC0893 /* Debug.cpp */ = {isa = PBXFileReference; fileEncoding = 4; lastKnownFileType = sourcecode.cpp.cpp; path = Debug.cpp; sourceTree = "<group>"; };
		5B15099D2B5FD3D700EC0893 /* CmdFilpNodes.h */ = {isa = PBXFileReference; fileEncoding = 4; lastKnownFileType = sourcecode.c.h; path = CmdFilpNodes.h; sourceTree = "<group>"; };
		5B15099E2B5FD3D700EC0893 /* CmdAddGraphElements.cpp */ = {isa = PBXFileReference; fileEncoding = 4; lastKnownFileType = sourcecode.cpp.cpp; path = CmdAddGraphElements.cpp; sourceTree = "<group>"; };
		5B15099F2B5FD3D700EC0893 /* CmdMoveNodes.cpp */ = {isa = PBXFileReference; fileEncoding = 4; lastKnownFileType = sourcecode.cpp.cpp; path = CmdMoveNodes.cpp; sourceTree = "<group>"; };
		5B1509A02B5FD3D700EC0893 /* CmdDuplicate.cpp */ = {isa = PBXFileReference; fileEncoding = 4; lastKnownFileType = sourcecode.cpp.cpp; path = CmdDuplicate.cpp; sourceTree = "<group>"; };
		5B1509A12B5FD3D700EC0893 /* CmdDeleteCategories.cpp */ = {isa = PBXFileReference; fileEncoding = 4; lastKnownFileType = sourcecode.cpp.cpp; path = CmdDeleteCategories.cpp; sourceTree = "<group>"; };
		5B1509A22B5FD3D700EC0893 /* CmdAddCategory.cpp */ = {isa = PBXFileReference; fileEncoding = 4; lastKnownFileType = sourcecode.cpp.cpp; path = CmdAddCategory.cpp; sourceTree = "<group>"; };
		5B1509A32B5FD3D700EC0893 /* CmdMoveNodes.h */ = {isa = PBXFileReference; fileEncoding = 4; lastKnownFileType = sourcecode.c.h; path = CmdMoveNodes.h; sourceTree = "<group>"; };
		5B1509A42B5FD3D700EC0893 /* CmdSetNodeCategory.h */ = {isa = PBXFileReference; fileEncoding = 4; lastKnownFileType = sourcecode.c.h; path = CmdSetNodeCategory.h; sourceTree = "<group>"; };
		5B1509A52B5FD3D700EC0893 /* CmdCreateEdge.cpp */ = {isa = PBXFileReference; fileEncoding = 4; lastKnownFileType = sourcecode.cpp.cpp; path = CmdCreateEdge.cpp; sourceTree = "<group>"; };
		5B1509A62B5FD3D700EC0893 /* CmdAddCategory.h */ = {isa = PBXFileReference; fileEncoding = 4; lastKnownFileType = sourcecode.c.h; path = CmdAddCategory.h; sourceTree = "<group>"; };
		5B1509A72B5FD3D700EC0893 /* CmdSetBackgroundImage.h */ = {isa = PBXFileReference; fileEncoding = 4; lastKnownFileType = sourcecode.c.h; path = CmdSetBackgroundImage.h; sourceTree = "<group>"; };
		5B1509A82B5FD3D700EC0893 /* GraphOperations.cpp */ = {isa = PBXFileReference; fileEncoding = 4; lastKnownFileType = sourcecode.cpp.cpp; path = GraphOperations.cpp; sourceTree = "<group>"; };
		5B1509A92B5FD3D700EC0893 /* GraphOperations.h */ = {isa = PBXFileReference; fileEncoding = 4; lastKnownFileType = sourcecode.c.h; path = GraphOperations.h; sourceTree = "<group>"; };
		5B1509AA2B5FD3D700EC0893 /* CmdFilpNodes.cpp */ = {isa = PBXFileReference; fileEncoding = 4; lastKnownFileType = sourcecode.cpp.cpp; path = CmdFilpNodes.cpp; sourceTree = "<group>"; };
		5B1509AB2B5FD3D700EC0893 /* CmdDeleteGraphElements.h */ = {isa = PBXFileReference; fileEncoding = 4; lastKnownFileType = sourcecode.c.h; path = CmdDeleteGraphElements.h; sourceTree = "<group>"; };
		5B1509AC2B5FD3D700EC0893 /* CmdDeleteCategories.h */ = {isa = PBXFileReference; fileEncoding = 4; lastKnownFileType = sourcecode.c.h; path = CmdDeleteCategories.h; sourceTree = "<group>"; };
		5B1509AD2B5FD3D700EC0893 /* CmdCreateNode.h */ = {isa = PBXFileReference; fileEncoding = 4; lastKnownFileType = sourcecode.c.h; path = CmdCreateNode.h; sourceTree = "<group>"; };
		5B1509AE2B5FD3D700EC0893 /* CmdModifyCategory.h */ = {isa = PBXFileReference; fileEncoding = 4; lastKnownFileType = sourcecode.c.h; path = CmdModifyCategory.h; sourceTree = "<group>"; };
		5B1509AF2B5FD3D700EC0893 /* CmdDeleteGraphElements.cpp */ = {isa = PBXFileReference; fileEncoding = 4; lastKnownFileType = sourcecode.cpp.cpp; path = CmdDeleteGraphElements.cpp; sourceTree = "<group>"; };
		5B1509B02B5FD3D700EC0893 /* CmdDuplicate.h */ = {isa = PBXFileReference; fileEncoding = 4; lastKnownFileType = sourcecode.c.h; path = CmdDuplicate.h; sourceTree = "<group>"; };
		5B1509B12B5FD3D700EC0893 /* CmdSetNodeCategory.cpp */ = {isa = PBXFileReference; fileEncoding = 4; lastKnownFileType = sourcecode.cpp.cpp; path = CmdSetNodeCategory.cpp; sourceTree = "<group>"; };
		5B1509B22B5FD3D700EC0893 /* CmdAddGraphElements.h */ = {isa = PBXFileReference; fileEncoding = 4; lastKnownFileType = sourcecode.c.h; path = CmdAddGraphElements.h; sourceTree = "<group>"; };
		5B1509B32B5FD3D700EC0893 /* CmdCreateEdge.h */ = {isa = PBXFileReference; fileEncoding = 4; lastKnownFileType = sourcecode.c.h; path = CmdCreateEdge.h; sourceTree = "<group>"; };
		5B1509B42B5FD3D700EC0893 /* CmdCreateNode.cpp */ = {isa = PBXFileReference; fileEncoding = 4; lastKnownFileType = sourcecode.cpp.cpp; path = CmdCreateNode.cpp; sourceTree = "<group>"; };
		5B1509B52B5FD3D700EC0893 /* CmdSetBackgroundImage.cpp */ = {isa = PBXFileReference; fileEncoding = 4; lastKnownFileType = sourcecode.cpp.cpp; path = CmdSetBackgroundImage.cpp; sourceTree = "<group>"; };
		5B1509B62B5FD3D700EC0893 /* CmdModifyCategory.cpp */ = {isa = PBXFileReference; fileEncoding = 4; lastKnownFileType = sourcecode.cpp.cpp; path = CmdModifyCategory.cpp; sourceTree = "<group>"; };
		5B1509B72B5FD3D700EC0893 /* JassDocument.cpp */ = {isa = PBXFileReference; fileEncoding = 4; lastKnownFileType = sourcecode.cpp.cpp; path = JassDocument.cpp; sourceTree = "<group>"; };
		5B1509B82B5FD3D700EC0893 /* GraphModel.hpp */ = {isa = PBXFileReference; fileEncoding = 4; lastKnownFileType = sourcecode.cpp.h; path = GraphModel.hpp; sourceTree = "<group>"; };
		5B1509B92B5FD3D700EC0893 /* JassSvgExport.h */ = {isa = PBXFileReference; fileEncoding = 4; lastKnownFileType = sourcecode.c.h; path = JassSvgExport.h; sourceTree = "<group>"; };
		5B1509BA2B5FD3D700EC0893 /* main.cpp */ = {isa = PBXFileReference; fileEncoding = 4; lastKnownFileType = sourcecode.cpp.cpp; path = main.cpp; sourceTree = "<group>"; };
		5B1509BB2B5FD3D700EC0893 /* GraphUtils.h */ = {isa = PBXFileReference; fileEncoding = 4; lastKnownFileType = sourcecode.c.h; path = GraphUtils.h; sourceTree = "<group>"; };
		5BA393AA2B5B430B004214F9 /* jass.app */ = {isa = PBXFileReference; explicitFileType = wrapper.application; includeInIndex = 0; path = jass.app; sourceTree = BUILT_PRODUCTS_DIR; };
		5BA393B02B5B430C004214F9 /* Assets.xcassets */ = {isa = PBXFileReference; lastKnownFileType = folder.assetcatalog; path = Assets.xcassets; sourceTree = "<group>"; };
		5BA393B72B5B430C004214F9 /* jass.entitlements */ = {isa = PBXFileReference; lastKnownFileType = text.plist.entitlements; path = jass.entitlements; sourceTree = "<group>"; };
		5BA393BE2B5B436C004214F9 /* libz.tbd */ = {isa = PBXFileReference; lastKnownFileType = "sourcecode.text-based-dylib-definition"; name = libz.tbd; path = usr/lib/libz.tbd; sourceTree = SDKROOT; };
		5BA393BF2B5B43C0004214F9 /* QtGui.framework */ = {isa = PBXFileReference; lastKnownFileType = wrapper.framework; name = QtGui.framework; path = ../../../Qt/5.15.16/macos/lib/QtGui.framework; sourceTree = "<group>"; };
		5BA393C02B5B43C0004214F9 /* QtPrintSupport.framework */ = {isa = PBXFileReference; lastKnownFileType = wrapper.framework; name = QtPrintSupport.framework; path = ../../../Qt/5.15.16/macos/lib/QtPrintSupport.framework; sourceTree = "<group>"; };
		5BA393C12B5B43C0004214F9 /* QtDBus.framework */ = {isa = PBXFileReference; lastKnownFileType = wrapper.framework; name = QtDBus.framework; path = ../../../Qt/5.15.16/macos/lib/QtDBus.framework; sourceTree = "<group>"; };
		5BA393C22B5B43C0004214F9 /* QtWidgets.framework */ = {isa = PBXFileReference; lastKnownFileType = wrapper.framework; name = QtWidgets.framework; path = ../../../Qt/5.15.16/macos/lib/QtWidgets.framework; sourceTree = "<group>"; };
		5BA393C32B5B43C0004214F9 /* QtCore.framework */ = {isa = PBXFileReference; lastKnownFileType = wrapper.framework; name = QtCore.framework; path = ../../../Qt/5.15.16/macos/lib/QtCore.framework; sourceTree = "<group>"; };
		5BA393D02B5B447B004214F9 /* libqcocoa.dylib */ = {isa = PBXFileReference; lastKnownFileType = "compiled.mach-o.dylib"; name = libqcocoa.dylib; path = ../../../Qt/5.15.16/macos/plugins/platforms/libqcocoa.dylib; sourceTree = "<group>"; };
		5BA393D52B5B44AC004214F9 /* libqjpeg.dylib */ = {isa = PBXFileReference; lastKnownFileType = "compiled.mach-o.dylib"; name = libqjpeg.dylib; path = ../../../Qt/5.15.16/macos/plugins/imageformats/libqjpeg.dylib; sourceTree = "<group>"; };
		5BA395752B5B476A004214F9 /* deflate_state.cpp */ = {isa = PBXFileReference; fileEncoding = 4; lastKnownFileType = sourcecode.cpp.cpp; path = deflate_state.cpp; sourceTree = "<group>"; };
		5BA395762B5B476A004214F9 /* utils.h */ = {isa = PBXFileReference; fileEncoding = 4; lastKnownFileType = sourcecode.c.h; path = utils.h; sourceTree = "<group>"; };
		5BA395772B5B476A004214F9 /* zip_writer.cpp */ = {isa = PBXFileReference; fileEncoding = 4; lastKnownFileType = sourcecode.cpp.cpp; path = zip_writer.cpp; sourceTree = "<group>"; };
		5BA395782B5B476A004214F9 /* zipx_test.cpp */ = {isa = PBXFileReference; fileEncoding = 4; lastKnownFileType = sourcecode.cpp.cpp; path = zipx_test.cpp; sourceTree = "<group>"; };
		5BA395792B5B476A004214F9 /* zip_reader.cpp */ = {isa = PBXFileReference; fileEncoding = 4; lastKnownFileType = sourcecode.cpp.cpp; path = zip_reader.cpp; sourceTree = "<group>"; };
		5BA3957A2B5B476A004214F9 /* deflate_stream.cpp */ = {isa = PBXFileReference; fileEncoding = 4; lastKnownFileType = sourcecode.cpp.cpp; path = deflate_stream.cpp; sourceTree = "<group>"; };
		5BA3957B2B5B476A004214F9 /* inflate_state.cpp */ = {isa = PBXFileReference; fileEncoding = 4; lastKnownFileType = sourcecode.cpp.cpp; path = inflate_state.cpp; sourceTree = "<group>"; };
		5BA3957C2B5B476A004214F9 /* inflate_stream.cpp */ = {isa = PBXFileReference; fileEncoding = 4; lastKnownFileType = sourcecode.cpp.cpp; path = inflate_stream.cpp; sourceTree = "<group>"; };
		5BA3957D2B5B476A004214F9 /* zip_index.cpp */ = {isa = PBXFileReference; fileEncoding = 4; lastKnownFileType = sourcecode.cpp.cpp; path = zip_index.cpp; sourceTree = "<group>"; };
		5BA395862B5B497F004214F9 /* libqmacstyle.dylib */ = {isa = PBXFileReference; lastKnownFileType = "compiled.mach-o.dylib"; name = libqmacstyle.dylib; path = ../../../Qt/5.15.16/macos/plugins/styles/libqmacstyle.dylib; sourceTree = "<group>"; };
/* End PBXFileReference section */

/* Begin PBXFrameworksBuildPhase section */
		5BA393A72B5B430B004214F9 /* Frameworks */ = {
			isa = PBXFrameworksBuildPhase;
			buildActionMask = 2147483647;
			files = (
				5B1508832B5BB30E00EC0893 /* libz.tbd in Frameworks */,
				5B1508842B5CFE9500EC0893 /* QtPrintSupport.framework in Frameworks */,
				5BA393CC2B5B43C0004214F9 /* QtCore.framework in Frameworks */,
				5BA393C42B5B43C0004214F9 /* QtGui.framework in Frameworks */,
				5BA393C82B5B43C0004214F9 /* QtDBus.framework in Frameworks */,
				5BA393CA2B5B43C0004214F9 /* QtWidgets.framework in Frameworks */,
			);
			runOnlyForDeploymentPostprocessing = 0;
		};
/* End PBXFrameworksBuildPhase section */

/* Begin PBXGroup section */
		5B1509072B5FD3B400EC0893 /* src */ = {
			isa = PBXGroup;
			children = (
				5B1509082B5FD3B400EC0893 /* LICENSE */,
				5B1509092B5FD3B400EC0893 /* DocumentManager.cpp */,
				5B15090A2B5FD3B400EC0893 /* io */,
				5B15090C2B5FD3B400EC0893 /* RecentFilesMenu.cpp */,
				5B15090D2B5FD3B400EC0893 /* utils */,
				5B1509132B5FD3B400EC0893 /* Workbench.cpp */,
				5B1509142B5FD3B400EC0893 /* UiUtils.cpp */,
				5B1509152B5FD3B400EC0893 /* README.md */,
				5B1509162B5FD3B400EC0893 /* WorkbenchWidget.cpp */,
				5B1509172B5FD3B400EC0893 /* Editor.cpp */,
				5B1509182B5FD3B400EC0893 /* actions */,
				5B15091B2B5FD3B400EC0893 /* commands */,
				5B15091F2B5FD3B400EC0893 /* Document.cpp */,
				5B1509202B5FD3B400EC0893 /* widgets */,
			);
			name = src;
			path = ../../external/qapplib/src;
			sourceTree = "<group>";
		};
		5B15090A2B5FD3B400EC0893 /* io */ = {
			isa = PBXGroup;
			children = (
				5B15090B2B5FD3B400EC0893 /* QIODeviceStreamAdapter.cpp */,
			);
			path = io;
			sourceTree = "<group>";
		};
		5B15090D2B5FD3B400EC0893 /* utils */ = {
			isa = PBXGroup;
			children = (
				5B15090E2B5FD3B400EC0893 /* PathUtils.cpp */,
				5B15090F2B5FD3B400EC0893 /* PageBufferStream.cpp */,
				5B1509102B5FD3B400EC0893 /* PageBuffer.cpp */,
				5B1509112B5FD3B400EC0893 /* PagePool.cpp */,
				5B1509122B5FD3B400EC0893 /* PageStackAllocator.cpp */,
			);
			path = utils;
			sourceTree = "<group>";
		};
		5B1509182B5FD3B400EC0893 /* actions */ = {
			isa = PBXGroup;
			children = (
				5B1509192B5FD3B400EC0893 /* StandardActions.cpp */,
				5B15091A2B5FD3B400EC0893 /* ActionManager.cpp */,
			);
			path = actions;
			sourceTree = "<group>";
		};
		5B15091B2B5FD3B400EC0893 /* commands */ = {
			isa = PBXGroup;
			children = (
				5B15091C2B5FD3B400EC0893 /* CmdOperations.cpp */,
				5B15091D2B5FD3B400EC0893 /* CommandHistory.cpp */,
				5B15091E2B5FD3B400EC0893 /* Operations.cpp */,
			);
			path = commands;
			sourceTree = "<group>";
		};
		5B1509202B5FD3B400EC0893 /* widgets */ = {
			isa = PBXGroup;
			children = (
				5B1509212B5FD3B400EC0893 /* ColorWidget.cpp */,
			);
			path = widgets;
			sourceTree = "<group>";
		};
		5B1509372B5FD3D700EC0893 /* src */ = {
			isa = PBXGroup;
			children = (
				5B1509382B5FD3D700EC0893 /* jass */,
			);
			name = src;
			path = ../src;
			sourceTree = "<group>";
		};
		5B1509382B5FD3D700EC0893 /* jass */ = {
			isa = PBXGroup;
			children = (
				5B1509392B5FD3D700EC0893 /* graphdata */,
				5B15094A2B5FD3D700EC0893 /* ui */,
				5B15095E2B5FD3D700EC0893 /* JassDocument.hpp */,
				5B15095F2B5FD3D700EC0893 /* JassFileFormat.h */,
				5B1509602B5FD3D700EC0893 /* jass.cpp */,
				5B1509612B5FD3D700EC0893 /* GraphModel.cpp */,
				5B1509622B5FD3D700EC0893 /* Debug.h */,
				5B1509632B5FD3D700EC0893 /* GraphEditor */,
				5B15097B2B5FD3D700EC0893 /* LegacyJassFileFormat.cpp */,
				5B15097C2B5FD3D700EC0893 /* analysis */,
				5B1509832B5FD3D700EC0893 /* endian.h */,
				5B1509842B5FD3D700EC0893 /* jass.h */,
				5B1509852B5FD3D700EC0893 /* JassFileFormat.cpp */,
				5B1509862B5FD3D700EC0893 /* JassSvgExport.cpp */,
				5B1509872B5FD3D700EC0893 /* LegacyJassFileFormat.h */,
				5B1509882B5FD3D700EC0893 /* JassProject.cpp */,
				5B1509892B5FD3D700EC0893 /* java */,
				5B15098C2B5FD3D700EC0893 /* utils */,
				5B1509912B5FD3D700EC0893 /* Shape.h */,
				5B1509922B5FD3D700EC0893 /* math */,
				5B1509972B5FD3D700EC0893 /* jass.rc */,
				5B1509982B5FD3D700EC0893 /* main_osx.cpp */,
				5B1509992B5FD3D700EC0893 /* JassProject.hpp */,
				5B15099A2B5FD3D700EC0893 /* Shape.cpp */,
				5B15099B2B5FD3D700EC0893 /* Debug.cpp */,
				5B15099C2B5FD3D700EC0893 /* commands */,
				5B1509B72B5FD3D700EC0893 /* JassDocument.cpp */,
				5B1509B82B5FD3D700EC0893 /* GraphModel.hpp */,
				5B1509B92B5FD3D700EC0893 /* JassSvgExport.h */,
				5B1509BA2B5FD3D700EC0893 /* main.cpp */,
				5B1509BB2B5FD3D700EC0893 /* GraphUtils.h */,
			);
			path = jass;
			sourceTree = "<group>";
		};
		5B1509392B5FD3D700EC0893 /* graphdata */ = {
			isa = PBXGroup;
			children = (
				5B15093A2B5FD3D700EC0893 /* GraphModelSubGraphView.cpp */,
				5B15093B2B5FD3D700EC0893 /* GraphBuilder.h */,
				5B15093C2B5FD3D700EC0893 /* JsonGraphData.cpp */,
				5B15093D2B5FD3D700EC0893 /* GraphModelGraphView.cpp */,
				5B15093E2B5FD3D700EC0893 /* GraphModelSubGraphView.h */,
				5B15093F2B5FD3D700EC0893 /* GraphModelGraphBuilder.h */,
				5B1509402B5FD3D700EC0893 /* JsonGraphData.h */,
				5B1509412B5FD3D700EC0893 /* GraphModelGraphView.h */,
				5B1509422B5FD3D700EC0893 /* GraphData.cpp */,
				5B1509432B5FD3D700EC0893 /* GraphModelImmutableDirectedGraphAdapter.h */,
				5B1509442B5FD3D700EC0893 /* GraphView.h */,
				5B1509452B5FD3D700EC0893 /* BinaryGraphData.cpp */,
				5B1509462B5FD3D700EC0893 /* GraphData.h */,
				5B1509472B5FD3D700EC0893 /* GraphModelGraphBuilder.cpp */,
				5B1509482B5FD3D700EC0893 /* BinaryGraphData.h */,
				5B1509492B5FD3D700EC0893 /* GraphDataCommon.h */,
			);
			path = graphdata;
			sourceTree = "<group>";
		};
		5B15094A2B5FD3D700EC0893 /* ui */ = {
			isa = PBXGroup;
			children = (
				5B15094B2B5FD3D700EC0893 /* CategoryView.cpp */,
				5B15094C2B5FD3D700EC0893 /* MainWindow.hpp */,
				5B15094D2B5FD3D700EC0893 /* InputEventProcessor.cpp */,
				5B15094E2B5FD3D700EC0893 /* CategoryDialog.cpp */,
				5B15094F2B5FD3D700EC0893 /* ImageFx.cpp */,
				5B1509502B5FD3D700EC0893 /* MainWindow.cpp */,
				5B1509512B5FD3D700EC0893 /* CategoryDialog.hpp */,
				5B1509522B5FD3D700EC0893 /* ImageFx.h */,
				5B1509532B5FD3D700EC0893 /* GraphWidget */,
				5B15095C2B5FD3D700EC0893 /* CategoryView.hpp */,
				5B15095D2B5FD3D700EC0893 /* InputEventProcessor.h */,
			);
			path = ui;
			sourceTree = "<group>";
		};
		5B1509532B5FD3D700EC0893 /* GraphWidget */ = {
			isa = PBXGroup;
			children = (
				5B1509542B5FD3D700EC0893 /* GraphWidget.cpp */,
				5B1509552B5FD3D700EC0893 /* NodeGraphLayer.cpp */,
				5B1509562B5FD3D700EC0893 /* EdgeGraphLayer.hpp */,
				5B1509572B5FD3D700EC0893 /* ImageGraphLayer.hpp */,
				5B1509582B5FD3D700EC0893 /* NodeGraphLayer.hpp */,
				5B1509592B5FD3D700EC0893 /* EdgeGraphLayer.cpp */,
				5B15095A2B5FD3D700EC0893 /* ImageGraphLayer.cpp */,
				5B15095B2B5FD3D700EC0893 /* GraphWidget.hpp */,
			);
			path = GraphWidget;
			sourceTree = "<group>";
		};
		5B1509632B5FD3D700EC0893 /* GraphEditor */ = {
			isa = PBXGroup;
			children = (
				5B1509642B5FD3D700EC0893 /* Analyses.cpp */,
				5B1509652B5FD3D700EC0893 /* JassEditor.cpp */,
				5B1509662B5FD3D700EC0893 /* CategorySet.hpp */,
				5B1509672B5FD3D700EC0893 /* tools */,
				5B15096E2B5FD3D700EC0893 /* GraphTool.h */,
				5B15096F2B5FD3D700EC0893 /* AnalysisWorker.cpp */,
				5B1509702B5FD3D700EC0893 /* AnalysisWorker.hpp */,
				5B1509712B5FD3D700EC0893 /* GraphClipboardData.cpp */,
				5B1509722B5FD3D700EC0893 /* analyses */,
				5B1509752B5FD3D700EC0893 /* GraphClipboardData.h */,
				5B1509762B5FD3D700EC0893 /* JassEditor.hpp */,
				5B1509772B5FD3D700EC0893 /* Analyses.hpp */,
				5B1509782B5FD3D700EC0893 /* GraphTool.cpp */,
				5B1509792B5FD3D700EC0893 /* CategorySet.cpp */,
				5B15097A2B5FD3D700EC0893 /* Analysis.h */,
			);
			path = GraphEditor;
			sourceTree = "<group>";
		};
		5B1509672B5FD3D700EC0893 /* tools */ = {
			isa = PBXGroup;
			children = (
				5B1509682B5FD3D700EC0893 /* SelectionTool.h */,
				5B1509692B5FD3D700EC0893 /* NodeTool.h */,
				5B15096A2B5FD3D700EC0893 /* NodeTool.cpp */,
				5B15096B2B5FD3D700EC0893 /* EdgeTool.h */,
				5B15096C2B5FD3D700EC0893 /* EdgeTool.cpp */,
				5B15096D2B5FD3D700EC0893 /* SelectionTool.cpp */,
			);
			path = tools;
			sourceTree = "<group>";
		};
		5B1509722B5FD3D700EC0893 /* analyses */ = {
			isa = PBXGroup;
			children = (
				5B1509732B5FD3D700EC0893 /* IntegrationAnalysis.h */,
				5B1509742B5FD3D700EC0893 /* IntegrationAnalysis.cpp */,
			);
			path = analyses;
			sourceTree = "<group>";
		};
		5B15097C2B5FD3D700EC0893 /* analysis */ = {
			isa = PBXGroup;
			children = (
				5B15097D2B5FD3D700EC0893 /* BfsTraversal.h */,
				5B15097E2B5FD3D700EC0893 /* ImmutableDirectedGraph.h */,
				5B15097F2B5FD3D700EC0893 /* Integration.cpp */,
				5B1509802B5FD3D700EC0893 /* MinDistCalculator.h */,
				5B1509812B5FD3D700EC0893 /* Integration.h */,
				5B1509822B5FD3D700EC0893 /* DepthCalculator.h */,
			);
			path = analysis;
			sourceTree = "<group>";
		};
		5B1509892B5FD3D700EC0893 /* java */ = {
			isa = PBXGroup;
			children = (
				5B15098A2B5FD3D700EC0893 /* JavaObjectSerializationStream.h */,
				5B15098B2B5FD3D700EC0893 /* JavaObjectSerializationStream.cpp */,
			);
			path = java;
			sourceTree = "<group>";
		};
		5B15098C2B5FD3D700EC0893 /* utils */ = {
			isa = PBXGroup;
			children = (
				5B15098D2B5FD3D700EC0893 /* JsonUtils.h */,
				5B15098E2B5FD3D700EC0893 /* range_utils.h */,
				5B15098F2B5FD3D700EC0893 /* bitvec.cpp */,
				5B1509902B5FD3D700EC0893 /* bitvec.h */,
			);
			path = utils;
			sourceTree = "<group>";
		};
		5B1509922B5FD3D700EC0893 /* math */ = {
			isa = PBXGroup;
			children = (
				5B1509932B5FD3D700EC0893 /* Gaussian.cpp */,
				5B1509942B5FD3D700EC0893 /* Gaussian.h */,
				5B1509952B5FD3D700EC0893 /* Integral.h */,
				5B1509962B5FD3D700EC0893 /* Geometry.h */,
			);
			path = math;
			sourceTree = "<group>";
		};
		5B15099C2B5FD3D700EC0893 /* commands */ = {
			isa = PBXGroup;
			children = (
				5B15099D2B5FD3D700EC0893 /* CmdFilpNodes.h */,
				5B15099E2B5FD3D700EC0893 /* CmdAddGraphElements.cpp */,
				5B15099F2B5FD3D700EC0893 /* CmdMoveNodes.cpp */,
				5B1509A02B5FD3D700EC0893 /* CmdDuplicate.cpp */,
				5B1509A12B5FD3D700EC0893 /* CmdDeleteCategories.cpp */,
				5B1509A22B5FD3D700EC0893 /* CmdAddCategory.cpp */,
				5B1509A32B5FD3D700EC0893 /* CmdMoveNodes.h */,
				5B1509A42B5FD3D700EC0893 /* CmdSetNodeCategory.h */,
				5B1509A52B5FD3D700EC0893 /* CmdCreateEdge.cpp */,
				5B1509A62B5FD3D700EC0893 /* CmdAddCategory.h */,
				5B1509A72B5FD3D700EC0893 /* CmdSetBackgroundImage.h */,
				5B1509A82B5FD3D700EC0893 /* GraphOperations.cpp */,
				5B1509A92B5FD3D700EC0893 /* GraphOperations.h */,
				5B1509AA2B5FD3D700EC0893 /* CmdFilpNodes.cpp */,
				5B1509AB2B5FD3D700EC0893 /* CmdDeleteGraphElements.h */,
				5B1509AC2B5FD3D700EC0893 /* CmdDeleteCategories.h */,
				5B1509AD2B5FD3D700EC0893 /* CmdCreateNode.h */,
				5B1509AE2B5FD3D700EC0893 /* CmdModifyCategory.h */,
				5B1509AF2B5FD3D700EC0893 /* CmdDeleteGraphElements.cpp */,
				5B1509B02B5FD3D700EC0893 /* CmdDuplicate.h */,
				5B1509B12B5FD3D700EC0893 /* CmdSetNodeCategory.cpp */,
				5B1509B22B5FD3D700EC0893 /* CmdAddGraphElements.h */,
				5B1509B32B5FD3D700EC0893 /* CmdCreateEdge.h */,
				5B1509B42B5FD3D700EC0893 /* CmdCreateNode.cpp */,
				5B1509B52B5FD3D700EC0893 /* CmdSetBackgroundImage.cpp */,
				5B1509B62B5FD3D700EC0893 /* CmdModifyCategory.cpp */,
			);
			path = commands;
			sourceTree = "<group>";
		};
		5BA393A12B5B430B004214F9 = {
			isa = PBXGroup;
			children = (
				5B1509372B5FD3D700EC0893 /* src */,
				5BA393AC2B5B430B004214F9 /* jass */,
				5BA394912B5B46F4004214F9 /* external */,
				5BA393BD2B5B436C004214F9 /* Frameworks */,
				5BA393DC2B5B45CC004214F9 /* Plugins */,
				5BA393AB2B5B430B004214F9 /* Products */,
				5BA395862B5B497F004214F9 /* libqmacstyle.dylib */,
				5BA393D52B5B44AC004214F9 /* libqjpeg.dylib */,
				5BA393D02B5B447B004214F9 /* libqcocoa.dylib */,
			);
			sourceTree = "<group>";
		};
		5BA393AB2B5B430B004214F9 /* Products */ = {
			isa = PBXGroup;
			children = (
				5BA393AA2B5B430B004214F9 /* jass.app */,
			);
			name = Products;
			sourceTree = "<group>";
		};
		5BA393AC2B5B430B004214F9 /* jass */ = {
			isa = PBXGroup;
			children = (
				5BA393B02B5B430C004214F9 /* Assets.xcassets */,
				5BA393B72B5B430C004214F9 /* jass.entitlements */,
			);
			path = jass;
			sourceTree = "<group>";
		};
		5BA393BD2B5B436C004214F9 /* Frameworks */ = {
			isa = PBXGroup;
			children = (
				5BA393C32B5B43C0004214F9 /* QtCore.framework */,
				5BA393C12B5B43C0004214F9 /* QtDBus.framework */,
				5BA393BF2B5B43C0004214F9 /* QtGui.framework */,
				5BA393C02B5B43C0004214F9 /* QtPrintSupport.framework */,
				5BA393C22B5B43C0004214F9 /* QtWidgets.framework */,
				5BA393BE2B5B436C004214F9 /* libz.tbd */,
			);
			name = Frameworks;
			sourceTree = "<group>";
		};
		5BA393DC2B5B45CC004214F9 /* Plugins */ = {
			isa = PBXGroup;
			children = (
			);
			name = Plugins;
			sourceTree = "<group>";
		};
		5BA394912B5B46F4004214F9 /* external */ = {
			isa = PBXGroup;
			children = (
				5BA394922B5B4703004214F9 /* qapplib */,
				5BA394932B5B471E004214F9 /* zipxlib */,
			);
			name = external;
			sourceTree = "<group>";
		};
		5BA394922B5B4703004214F9 /* qapplib */ = {
			isa = PBXGroup;
			children = (
				5B1509072B5FD3B400EC0893 /* src */,
			);
			path = qapplib;
			sourceTree = "<group>";
		};
		5BA394932B5B471E004214F9 /* zipxlib */ = {
			isa = PBXGroup;
			children = (
				5BA395742B5B476A004214F9 /* src */,
			);
			name = zipxlib;
			sourceTree = "<group>";
		};
		5BA395742B5B476A004214F9 /* src */ = {
			isa = PBXGroup;
			children = (
				5BA395752B5B476A004214F9 /* deflate_state.cpp */,
				5BA395762B5B476A004214F9 /* utils.h */,
				5BA395772B5B476A004214F9 /* zip_writer.cpp */,
				5BA395782B5B476A004214F9 /* zipx_test.cpp */,
				5BA395792B5B476A004214F9 /* zip_reader.cpp */,
				5BA3957A2B5B476A004214F9 /* deflate_stream.cpp */,
				5BA3957B2B5B476A004214F9 /* inflate_state.cpp */,
				5BA3957C2B5B476A004214F9 /* inflate_stream.cpp */,
				5BA3957D2B5B476A004214F9 /* zip_index.cpp */,
			);
			name = src;
			path = ../external/zipxlib/src;
			sourceTree = "<group>";
		};
/* End PBXGroup section */

/* Begin PBXNativeTarget section */
		5BA393A92B5B430B004214F9 /* jass */ = {
			isa = PBXNativeTarget;
			buildConfigurationList = 5BA393BA2B5B430C004214F9 /* Build configuration list for PBXNativeTarget "jass" */;
			buildPhases = (
				5BA393A62B5B430B004214F9 /* Sources */,
				5BA393A72B5B430B004214F9 /* Frameworks */,
				5BA393A82B5B430B004214F9 /* Resources */,
				5BA393CE2B5B43C0004214F9 /* Embed Frameworks */,
				5BA393CF2B5B4435004214F9 /* CopyFiles */,
				5BA393D22B5B4482004214F9 /* CopyFiles */,
				5BA393D92B5B44B4004214F9 /* CopyFiles */,
			);
			buildRules = (
			);
			dependencies = (
			);
			name = jass;
			productName = jass;
			productReference = 5BA393AA2B5B430B004214F9 /* jass.app */;
			productType = "com.apple.product-type.application";
		};
/* End PBXNativeTarget section */

/* Begin PBXProject section */
		5BA393A22B5B430B004214F9 /* Project object */ = {
			isa = PBXProject;
			attributes = {
				BuildIndependentTargetsInParallel = 1;
				LastUpgradeCheck = 1520;
				TargetAttributes = {
					5BA393A92B5B430B004214F9 = {
						CreatedOnToolsVersion = 15.2;
					};
				};
			};
			buildConfigurationList = 5BA393A52B5B430B004214F9 /* Build configuration list for PBXProject "jass" */;
			compatibilityVersion = "Xcode 14.0";
			developmentRegion = en;
			hasScannedForEncodings = 0;
			knownRegions = (
				en,
				Base,
			);
			mainGroup = 5BA393A12B5B430B004214F9;
			productRefGroup = 5BA393AB2B5B430B004214F9 /* Products */;
			projectDirPath = "";
			projectRoot = "";
			targets = (
				5BA393A92B5B430B004214F9 /* jass */,
			);
		};
/* End PBXProject section */

/* Begin PBXResourcesBuildPhase section */
		5BA393A82B5B430B004214F9 /* Resources */ = {
			isa = PBXResourcesBuildPhase;
			buildActionMask = 2147483647;
			files = (
				5B1509222B5FD3B400EC0893 /* LICENSE in Resources */,
				5BA393B12B5B430C004214F9 /* Assets.xcassets in Resources */,
				5B15092D2B5FD3B400EC0893 /* README.md in Resources */,
				5B1509DF2B5FD3D700EC0893 /* jass.rc in Resources */,
			);
			runOnlyForDeploymentPostprocessing = 0;
		};
/* End PBXResourcesBuildPhase section */

/* Begin PBXSourcesBuildPhase section */
		5BA393A62B5B430B004214F9 /* Sources */ = {
			isa = PBXSourcesBuildPhase;
			buildActionMask = 2147483647;
			files = (
				5B1509C82B5FD3D700EC0893 /* NodeGraphLayer.cpp in Sources */,
				5B1509E22B5FD3D700EC0893 /* Debug.cpp in Sources */,
				5BA395802B5B476A004214F9 /* zipx_test.cpp in Sources */,
				5B1509C72B5FD3D700EC0893 /* GraphWidget.cpp in Sources */,
				5B1509D92B5FD3D700EC0893 /* JassFileFormat.cpp in Sources */,
				5B1509D52B5FD3D700EC0893 /* GraphTool.cpp in Sources */,
				5B1509DD2B5FD3D700EC0893 /* bitvec.cpp in Sources */,
				5B1509E02B5FD3D700EC0893 /* main_osx.cpp in Sources */,
				5B1509DA2B5FD3D700EC0893 /* JassSvgExport.cpp in Sources */,
				5B1509D82B5FD3D700EC0893 /* Integration.cpp in Sources */,
				5B1509E92B5FD3D700EC0893 /* GraphOperations.cpp in Sources */,
				5B1509DB2B5FD3D700EC0893 /* JassProject.cpp in Sources */,
				5B1509C12B5FD3D700EC0893 /* GraphModelGraphBuilder.cpp in Sources */,
				5B1509252B5FD3B400EC0893 /* RecentFilesMenu.cpp in Sources */,
				5B1509C92B5FD3D700EC0893 /* EdgeGraphLayer.cpp in Sources */,
				5B1509E72B5FD3D700EC0893 /* CmdAddCategory.cpp in Sources */,
				5B1509242B5FD3B400EC0893 /* QIODeviceStreamAdapter.cpp in Sources */,
				5B1509E42B5FD3D700EC0893 /* CmdMoveNodes.cpp in Sources */,
				5B1509CE2B5FD3D700EC0893 /* JassEditor.cpp in Sources */,
				5B1509302B5FD3B400EC0893 /* StandardActions.cpp in Sources */,
				5B1509D22B5FD3D700EC0893 /* AnalysisWorker.cpp in Sources */,
				5BA395842B5B476A004214F9 /* inflate_stream.cpp in Sources */,
				5B1509BC2B5FD3D700EC0893 /* GraphModelSubGraphView.cpp in Sources */,
				5B1509E32B5FD3D700EC0893 /* CmdAddGraphElements.cpp in Sources */,
				5B1509ED2B5FD3D700EC0893 /* CmdCreateNode.cpp in Sources */,
				5B1509232B5FD3B400EC0893 /* DocumentManager.cpp in Sources */,
				5B1509CF2B5FD3D700EC0893 /* NodeTool.cpp in Sources */,
				5B1509D12B5FD3D700EC0893 /* SelectionTool.cpp in Sources */,
				5B1509EA2B5FD3D700EC0893 /* CmdFilpNodes.cpp in Sources */,
				5B15092C2B5FD3B400EC0893 /* UiUtils.cpp in Sources */,
				5B1509EF2B5FD3D700EC0893 /* CmdModifyCategory.cpp in Sources */,
				5B1509EC2B5FD3D700EC0893 /* CmdSetNodeCategory.cpp in Sources */,
				5B1509292B5FD3B400EC0893 /* PagePool.cpp in Sources */,
				5B1509E82B5FD3D700EC0893 /* CmdCreateEdge.cpp in Sources */,
				5BA395832B5B476A004214F9 /* inflate_state.cpp in Sources */,
				5B1509D02B5FD3D700EC0893 /* EdgeTool.cpp in Sources */,
				5B1509BE2B5FD3D700EC0893 /* GraphModelGraphView.cpp in Sources */,
				5B1509C52B5FD3D700EC0893 /* ImageFx.cpp in Sources */,
				5B1509272B5FD3B400EC0893 /* PageBufferStream.cpp in Sources */,
				5B1509262B5FD3B400EC0893 /* PathUtils.cpp in Sources */,
				5B1509CA2B5FD3D700EC0893 /* ImageGraphLayer.cpp in Sources */,
				5BA3957F2B5B476A004214F9 /* zip_writer.cpp in Sources */,
				5B1509EB2B5FD3D700EC0893 /* CmdDeleteGraphElements.cpp in Sources */,
				5B1509BD2B5FD3D700EC0893 /* JsonGraphData.cpp in Sources */,
				5B1509332B5FD3B400EC0893 /* CommandHistory.cpp in Sources */,
				5B1509CC2B5FD3D700EC0893 /* GraphModel.cpp in Sources */,
				5B1509BF2B5FD3D700EC0893 /* GraphData.cpp in Sources */,
				5B1509342B5FD3B400EC0893 /* Operations.cpp in Sources */,
				5B15092B2B5FD3B400EC0893 /* Workbench.cpp in Sources */,
				5B1509D32B5FD3D700EC0893 /* GraphClipboardData.cpp in Sources */,
				5B1509D42B5FD3D700EC0893 /* IntegrationAnalysis.cpp in Sources */,
				5B1509362B5FD3B400EC0893 /* ColorWidget.cpp in Sources */,
				5B15092A2B5FD3B400EC0893 /* PageStackAllocator.cpp in Sources */,
				5B1509C22B5FD3D700EC0893 /* CategoryView.cpp in Sources */,
				5B1509E12B5FD3D700EC0893 /* Shape.cpp in Sources */,
				5B1509DE2B5FD3D700EC0893 /* Gaussian.cpp in Sources */,
				5B1509C02B5FD3D700EC0893 /* BinaryGraphData.cpp in Sources */,
				5B1509D72B5FD3D700EC0893 /* LegacyJassFileFormat.cpp in Sources */,
				5B1509C32B5FD3D700EC0893 /* InputEventProcessor.cpp in Sources */,
				5B1509C42B5FD3D700EC0893 /* CategoryDialog.cpp in Sources */,
				5B1509EE2B5FD3D700EC0893 /* CmdSetBackgroundImage.cpp in Sources */,
				5B1509312B5FD3B400EC0893 /* ActionManager.cpp in Sources */,
				5B1509282B5FD3B400EC0893 /* PageBuffer.cpp in Sources */,
				5BA3957E2B5B476A004214F9 /* deflate_state.cpp in Sources */,
				5B1509CD2B5FD3D700EC0893 /* Analyses.cpp in Sources */,
				5B1509E52B5FD3D700EC0893 /* CmdDuplicate.cpp in Sources */,
				5B1509C62B5FD3D700EC0893 /* MainWindow.cpp in Sources */,
				5B15092E2B5FD3B400EC0893 /* WorkbenchWidget.cpp in Sources */,
				5B1509DC2B5FD3D700EC0893 /* JavaObjectSerializationStream.cpp in Sources */,
				5B1509D62B5FD3D700EC0893 /* CategorySet.cpp in Sources */,
				5B1509322B5FD3B400EC0893 /* CmdOperations.cpp in Sources */,
				5B1509CB2B5FD3D700EC0893 /* jass.cpp in Sources */,
				5BA395812B5B476A004214F9 /* zip_reader.cpp in Sources */,
				5BA395852B5B476A004214F9 /* zip_index.cpp in Sources */,
				5B1509F02B5FD3D700EC0893 /* JassDocument.cpp in Sources */,
				5B15092F2B5FD3B400EC0893 /* Editor.cpp in Sources */,
				5BA395822B5B476A004214F9 /* deflate_stream.cpp in Sources */,
				5B1509E62B5FD3D700EC0893 /* CmdDeleteCategories.cpp in Sources */,
				5B1509F12B5FD3D700EC0893 /* main.cpp in Sources */,
				5B1509352B5FD3B400EC0893 /* Document.cpp in Sources */,
			);
			runOnlyForDeploymentPostprocessing = 0;
		};
/* End PBXSourcesBuildPhase section */

/* Begin XCBuildConfiguration section */
		5BA393B82B5B430C004214F9 /* Debug */ = {
			isa = XCBuildConfiguration;
			buildSettings = {
				ALWAYS_SEARCH_USER_PATHS = NO;
				ASSETCATALOG_COMPILER_GENERATE_SWIFT_ASSET_SYMBOL_EXTENSIONS = YES;
				CLANG_ANALYZER_NONNULL = YES;
				CLANG_ANALYZER_NUMBER_OBJECT_CONVERSION = YES_AGGRESSIVE;
				CLANG_CXX_LANGUAGE_STANDARD = "gnu++20";
				CLANG_ENABLE_MODULES = YES;
				CLANG_ENABLE_OBJC_ARC = YES;
				CLANG_ENABLE_OBJC_WEAK = YES;
				CLANG_WARN_BLOCK_CAPTURE_AUTORELEASING = YES;
				CLANG_WARN_BOOL_CONVERSION = YES;
				CLANG_WARN_COMMA = YES;
				CLANG_WARN_CONSTANT_CONVERSION = YES;
				CLANG_WARN_DEPRECATED_OBJC_IMPLEMENTATIONS = YES;
				CLANG_WARN_DIRECT_OBJC_ISA_USAGE = YES_ERROR;
				CLANG_WARN_DOCUMENTATION_COMMENTS = YES;
				CLANG_WARN_EMPTY_BODY = YES;
				CLANG_WARN_ENUM_CONVERSION = YES;
				CLANG_WARN_INFINITE_RECURSION = YES;
				CLANG_WARN_INT_CONVERSION = YES;
				CLANG_WARN_NON_LITERAL_NULL_CONVERSION = YES;
				CLANG_WARN_OBJC_IMPLICIT_RETAIN_SELF = YES;
				CLANG_WARN_OBJC_LITERAL_CONVERSION = YES;
				CLANG_WARN_OBJC_ROOT_CLASS = YES_ERROR;
				CLANG_WARN_QUOTED_INCLUDE_IN_FRAMEWORK_HEADER = YES;
				CLANG_WARN_RANGE_LOOP_ANALYSIS = YES;
				CLANG_WARN_STRICT_PROTOTYPES = YES;
				CLANG_WARN_SUSPICIOUS_MOVE = YES;
				CLANG_WARN_UNGUARDED_AVAILABILITY = YES_AGGRESSIVE;
				CLANG_WARN_UNREACHABLE_CODE = YES;
				CLANG_WARN__DUPLICATE_METHOD_MATCH = YES;
				CODE_SIGN_IDENTITY = "Developer ID Application";
				COPY_PHASE_STRIP = NO;
				DEBUG_INFORMATION_FORMAT = dwarf;
				ENABLE_HARDENED_RUNTIME = YES;
				ENABLE_STRICT_OBJC_MSGSEND = YES;
				ENABLE_TESTABILITY = YES;
				ENABLE_USER_SCRIPT_SANDBOXING = YES;
				GCC_C_LANGUAGE_STANDARD = gnu17;
				GCC_DYNAMIC_NO_PIC = NO;
				GCC_NO_COMMON_BLOCKS = YES;
				GCC_OPTIMIZATION_LEVEL = 0;
				GCC_PREPROCESSOR_DEFINITIONS = (
					"DEBUG=1",
					"$(inherited)",
				);
				GCC_WARN_64_TO_32_BIT_CONVERSION = YES;
				GCC_WARN_ABOUT_RETURN_TYPE = YES_ERROR;
				GCC_WARN_UNDECLARED_SELECTOR = YES;
				GCC_WARN_UNINITIALIZED_AUTOS = YES_AGGRESSIVE;
				GCC_WARN_UNUSED_FUNCTION = YES;
				GCC_WARN_UNUSED_VARIABLE = YES;
				LOCALIZATION_PREFERS_STRING_CATALOGS = YES;
				MACOSX_DEPLOYMENT_TARGET = 14.2;
				MTL_ENABLE_DEBUG_INFO = INCLUDE_SOURCE;
				MTL_FAST_MATH = YES;
				ONLY_ACTIVE_ARCH = YES;
				SDKROOT = macosx;
			};
			name = Debug;
		};
		5BA393B92B5B430C004214F9 /* Release */ = {
			isa = XCBuildConfiguration;
			buildSettings = {
				ALWAYS_SEARCH_USER_PATHS = NO;
				ASSETCATALOG_COMPILER_GENERATE_SWIFT_ASSET_SYMBOL_EXTENSIONS = YES;
				CLANG_ANALYZER_NONNULL = YES;
				CLANG_ANALYZER_NUMBER_OBJECT_CONVERSION = YES_AGGRESSIVE;
				CLANG_CXX_LANGUAGE_STANDARD = "gnu++20";
				CLANG_ENABLE_MODULES = YES;
				CLANG_ENABLE_OBJC_ARC = YES;
				CLANG_ENABLE_OBJC_WEAK = YES;
				CLANG_WARN_BLOCK_CAPTURE_AUTORELEASING = YES;
				CLANG_WARN_BOOL_CONVERSION = YES;
				CLANG_WARN_COMMA = YES;
				CLANG_WARN_CONSTANT_CONVERSION = YES;
				CLANG_WARN_DEPRECATED_OBJC_IMPLEMENTATIONS = YES;
				CLANG_WARN_DIRECT_OBJC_ISA_USAGE = YES_ERROR;
				CLANG_WARN_DOCUMENTATION_COMMENTS = YES;
				CLANG_WARN_EMPTY_BODY = YES;
				CLANG_WARN_ENUM_CONVERSION = YES;
				CLANG_WARN_INFINITE_RECURSION = YES;
				CLANG_WARN_INT_CONVERSION = YES;
				CLANG_WARN_NON_LITERAL_NULL_CONVERSION = YES;
				CLANG_WARN_OBJC_IMPLICIT_RETAIN_SELF = YES;
				CLANG_WARN_OBJC_LITERAL_CONVERSION = YES;
				CLANG_WARN_OBJC_ROOT_CLASS = YES_ERROR;
				CLANG_WARN_QUOTED_INCLUDE_IN_FRAMEWORK_HEADER = YES;
				CLANG_WARN_RANGE_LOOP_ANALYSIS = YES;
				CLANG_WARN_STRICT_PROTOTYPES = YES;
				CLANG_WARN_SUSPICIOUS_MOVE = YES;
				CLANG_WARN_UNGUARDED_AVAILABILITY = YES_AGGRESSIVE;
				CLANG_WARN_UNREACHABLE_CODE = YES;
				CLANG_WARN__DUPLICATE_METHOD_MATCH = YES;
				CODE_SIGN_IDENTITY = "Developer ID Application";
				COPY_PHASE_STRIP = NO;
				DEBUG_INFORMATION_FORMAT = "dwarf-with-dsym";
				ENABLE_HARDENED_RUNTIME = YES;
				ENABLE_NS_ASSERTIONS = NO;
				ENABLE_STRICT_OBJC_MSGSEND = YES;
				ENABLE_USER_SCRIPT_SANDBOXING = YES;
				GCC_C_LANGUAGE_STANDARD = gnu17;
				GCC_NO_COMMON_BLOCKS = YES;
				GCC_WARN_64_TO_32_BIT_CONVERSION = YES;
				GCC_WARN_ABOUT_RETURN_TYPE = YES_ERROR;
				GCC_WARN_UNDECLARED_SELECTOR = YES;
				GCC_WARN_UNINITIALIZED_AUTOS = YES_AGGRESSIVE;
				GCC_WARN_UNUSED_FUNCTION = YES;
				GCC_WARN_UNUSED_VARIABLE = YES;
				LOCALIZATION_PREFERS_STRING_CATALOGS = YES;
				MACOSX_DEPLOYMENT_TARGET = 14.2;
				MTL_ENABLE_DEBUG_INFO = NO;
				MTL_FAST_MATH = YES;
				SDKROOT = macosx;
			};
			name = Release;
		};
		5BA393BB2B5B430C004214F9 /* Debug */ = {
			isa = XCBuildConfiguration;
			buildSettings = {
				ASSETCATALOG_COMPILER_APPICON_NAME = AppIcon;
				ASSETCATALOG_COMPILER_GLOBAL_ACCENT_COLOR_NAME = AccentColor;
				CODE_SIGN_ENTITLEMENTS = jass/jass.entitlements;
				CODE_SIGN_IDENTITY = "Developer ID Application: XMN Software AB (92NP4M8H6S)";
				"CODE_SIGN_IDENTITY[sdk=macosx*]" = "Developer ID Application: XMN Software AB (92NP4M8H6S)";
				CODE_SIGN_STYLE = Manual;
				COMBINE_HIDPI_IMAGES = YES;
				CURRENT_PROJECT_VERSION = 1;
				DEVELOPMENT_TEAM = 92NP4M8H6S;
				"DEVELOPMENT_TEAM[sdk=macosx*]" = 92NP4M8H6S;
				ENABLE_HARDENED_RUNTIME = YES;
				FRAMEWORK_SEARCH_PATHS = "\"$(SRCROOT)/../../../Qt/5.15.16/macos/lib\"";
				GENERATE_INFOPLIST_FILE = YES;
				HEADER_SEARCH_PATHS = (
					"\"$(SRCROOT)/../src\"",
					"\"$(SRCROOT)/../generated\"",
					"\"$(SRCROOT)/../external/qapplib/include\"",
					"\"$(SRCROOT)/../external/zipxlib/include\"",
					"\"$(SRCROOT)/../../../Qt/5.15.16/macos/lib\"",
				);
				INFOPLIST_KEY_CFBundleDisplayName = Jass;
				INFOPLIST_KEY_LSApplicationCategoryType = "public.app-category.education";
				INFOPLIST_KEY_NSHumanReadableCopyright = "";
				INFOPLIST_KEY_NSMainNibFile = MainMenu;
				INFOPLIST_KEY_NSPrincipalClass = NSApplication;
				LD_RUNPATH_SEARCH_PATHS = (
					"$(inherited)",
					"@executable_path/../Frameworks",
				);
				MARKETING_VERSION = 2.0.2;
				PRODUCT_BUNDLE_IDENTIFIER = com.xmnsoftware.jass;
				PRODUCT_NAME = "$(TARGET_NAME)";
				PROVISIONING_PROFILE_SPECIFIER = "";
				SWIFT_EMIT_LOC_STRINGS = YES;
			};
			name = Debug;
		};
		5BA393BC2B5B430C004214F9 /* Release */ = {
			isa = XCBuildConfiguration;
			buildSettings = {
				ASSETCATALOG_COMPILER_APPICON_NAME = AppIcon;
				ASSETCATALOG_COMPILER_GLOBAL_ACCENT_COLOR_NAME = AccentColor;
				CODE_SIGN_ENTITLEMENTS = jass/jass.entitlements;
				CODE_SIGN_IDENTITY = "Developer ID Application: XMN Software AB (92NP4M8H6S)";
				"CODE_SIGN_IDENTITY[sdk=macosx*]" = "Developer ID Application: XMN Software AB (92NP4M8H6S)";
				CODE_SIGN_STYLE = Manual;
				COMBINE_HIDPI_IMAGES = YES;
				CURRENT_PROJECT_VERSION = 1;
				DEVELOPMENT_TEAM = 92NP4M8H6S;
				"DEVELOPMENT_TEAM[sdk=macosx*]" = 92NP4M8H6S;
				ENABLE_HARDENED_RUNTIME = YES;
				FRAMEWORK_SEARCH_PATHS = "\"$(SRCROOT)/../../../Qt/5.15.16/macos/lib\"";
				GENERATE_INFOPLIST_FILE = YES;
				HEADER_SEARCH_PATHS = (
					"\"$(SRCROOT)/../src\"",
					"\"$(SRCROOT)/../generated\"",
					"\"$(SRCROOT)/../external/qapplib/include\"",
					"\"$(SRCROOT)/../external/zipxlib/include\"",
					"\"$(SRCROOT)/../../../Qt/5.15.16/macos/lib\"",
				);
				INFOPLIST_KEY_CFBundleDisplayName = Jass;
				INFOPLIST_KEY_LSApplicationCategoryType = "public.app-category.education";
				INFOPLIST_KEY_NSHumanReadableCopyright = "";
				INFOPLIST_KEY_NSMainNibFile = MainMenu;
				INFOPLIST_KEY_NSPrincipalClass = NSApplication;
				LD_RUNPATH_SEARCH_PATHS = (
					"$(inherited)",
					"@executable_path/../Frameworks",
				);
				MARKETING_VERSION = 2.0.2;
				PRODUCT_BUNDLE_IDENTIFIER = com.xmnsoftware.jass;
				PRODUCT_NAME = "$(TARGET_NAME)";
				PROVISIONING_PROFILE_SPECIFIER = "";
				SWIFT_EMIT_LOC_STRINGS = YES;
			};
			name = Release;
		};
/* End XCBuildConfiguration section */

/* Begin XCConfigurationList section */
		5BA393A52B5B430B004214F9 /* Build configuration list for PBXProject "jass" */ = {
			isa = XCConfigurationList;
			buildConfigurations = (
				5BA393B82B5B430C004214F9 /* Debug */,
				5BA393B92B5B430C004214F9 /* Release */,
			);
			defaultConfigurationIsVisible = 0;
			defaultConfigurationName = Release;
		};
		5BA393BA2B5B430C004214F9 /* Build configuration list for PBXNativeTarget "jass" */ = {
			isa = XCConfigurationList;
			buildConfigurations = (
				5BA393BB2B5B430C004214F9 /* Debug */,
				5BA393BC2B5B430C004214F9 /* Release */,
			);
			defaultConfigurationIsVisible = 0;
			defaultConfigurationName = Release;
		};
/* End XCConfigurationList section */
	};
	rootObject = 5BA393A22B5B430B004214F9 /* Project object */;
}
